// !$*UTF8*$!
{
	archiveVersion = 1;
	classes = {
	};
	objectVersion = 77;
	objects = {

/* Begin PBXBuildFile section */
		0D7BFA2A2E3378E40056C579 /* ChannelCreateView+TitleView.swift in Sources */ = {isa = PBXBuildFile; fileRef = 0D7BFA292E3378E40056C579 /* ChannelCreateView+TitleView.swift */; };
		0D7BFA2C2E34ED810056C579 /* ChannelCreateView+DescriptionView.swift in Sources */ = {isa = PBXBuildFile; fileRef = 0D7BFA2B2E34ED810056C579 /* ChannelCreateView+DescriptionView.swift */; };
		0DC2A3D52E263E1500FF91BC /* FeedbackDetailViewModel.swift in Sources */ = {isa = PBXBuildFile; fileRef = 0DC2A3D42E263E1500FF91BC /* FeedbackDetailViewModel.swift */; };
		A020E2802E66B87C00305D2B /* KcELECTRA-base-v2022-int8.mlpackage in Sources */ = {isa = PBXBuildFile; fileRef = A020E27F2E66B87C00305D2B /* KcELECTRA-base-v2022-int8.mlpackage */; };
		D306027D2E377E8400908D1D /* Transformers in Frameworks */ = {isa = PBXBuildFile; productRef = D306027C2E377E8400908D1D /* Transformers */; };
		D30602862E377E9700908D1D /* EncoderTokenizer.swift in Sources */ = {isa = PBXBuildFile; fileRef = D30602822E377E9700908D1D /* EncoderTokenizer.swift */; };
		D30602872E377E9700908D1D /* EncoderModel.swift in Sources */ = {isa = PBXBuildFile; fileRef = D30602812E377E9700908D1D /* EncoderModel.swift */; };
		D306028A2E377EA100908D1D /* MLREADME.md in Resources */ = {isa = PBXBuildFile; fileRef = D30602882E377EA100908D1D /* MLREADME.md */; };
		D306028D2E377EC500908D1D /* FeedbackWriteView.swift in Sources */ = {isa = PBXBuildFile; fileRef = D306028B2E377EC500908D1D /* FeedbackWriteView.swift */; };
		D306028E2E377EC500908D1D /* FeedbackWriteViewModel.swift in Sources */ = {isa = PBXBuildFile; fileRef = D306028C2E377EC500908D1D /* FeedbackWriteViewModel.swift */; };
		D36C43842E38A029006A027E /* TokenizerREADME.md in Resources */ = {isa = PBXBuildFile; fileRef = D36C43832E38A025006A027E /* TokenizerREADME.md */; };
		EC25CC332E5975880087EC50 /* FirebaseAppCheck in Frameworks */ = {isa = PBXBuildFile; productRef = EC25CC322E5975880087EC50 /* FirebaseAppCheck */; };
		EC371D842E55E9AA008E4AB7 /* GeminiManger.swift in Sources */ = {isa = PBXBuildFile; fileRef = EC371D832E55E9AA008E4AB7 /* GeminiManger.swift */; };
		EC371DC92E560D76008E4AB7 /* FirebaseAI in Frameworks */ = {isa = PBXBuildFile; productRef = EC371DC82E560D76008E4AB7 /* FirebaseAI */; };
		EC6A4C842E31284F0087DB5C /* ChannelDetail+DescriptionView.swift in Sources */ = {isa = PBXBuildFile; fileRef = EC6A4C832E31284F0087DB5C /* ChannelDetail+DescriptionView.swift */; };
		EC6A4C862E3129300087DB5C /* ChannelDetail+EmptyFeedbackView.swift in Sources */ = {isa = PBXBuildFile; fileRef = EC6A4C852E3129300087DB5C /* ChannelDetail+EmptyFeedbackView.swift */; };
		EC6A4C882E312A3B0087DB5C /* ChannelDetail+FeedbackListView.swift in Sources */ = {isa = PBXBuildFile; fileRef = EC6A4C872E312A3B0087DB5C /* ChannelDetail+FeedbackListView.swift */; };
		EC6A4C8A2E312D410087DB5C /* ChannelDetail+FeedbackRowView.swift in Sources */ = {isa = PBXBuildFile; fileRef = EC6A4C892E312D410087DB5C /* ChannelDetail+FeedbackRowView.swift */; };
		EC6A4C8D2E3227120087DB5C /* ChannelEdit+TitleView.swift in Sources */ = {isa = PBXBuildFile; fileRef = EC6A4C8C2E3227120087DB5C /* ChannelEdit+TitleView.swift */; };
		EC6A4C8F2E3227C40087DB5C /* ChannelEdit+ContentView.swift in Sources */ = {isa = PBXBuildFile; fileRef = EC6A4C8E2E3227C40087DB5C /* ChannelEdit+ContentView.swift */; };
		EC6A4C992E336DA40087DB5C /* FeedbackDetail+FeedbackRowView.swift in Sources */ = {isa = PBXBuildFile; fileRef = EC6A4C982E336DA40087DB5C /* FeedbackDetail+FeedbackRowView.swift */; };
		EC6A4C9B2E336DC80087DB5C /* FeedbackDetail+SectionView.swift in Sources */ = {isa = PBXBuildFile; fileRef = EC6A4C9A2E336DC80087DB5C /* FeedbackDetail+SectionView.swift */; };
		EC6A4C9D2E34A67E0087DB5C /* FeedbackDetail+DescriptionView.swift in Sources */ = {isa = PBXBuildFile; fileRef = EC6A4C9C2E34A67E0087DB5C /* FeedbackDetail+DescriptionView.swift */; };
		EC6A4CA12E34D5660087DB5C /* ToastView.swift in Sources */ = {isa = PBXBuildFile; fileRef = EC6A4CA02E34D5660087DB5C /* ToastView.swift */; };
		EC6A4CA32E34DBCC0087DB5C /* UserDefaults+Extension.swift in Sources */ = {isa = PBXBuildFile; fileRef = EC6A4CA22E34DBCC0087DB5C /* UserDefaults+Extension.swift */; };
		EC6A4CA52E350B720087DB5C /* Spicy+Extension.swift in Sources */ = {isa = PBXBuildFile; fileRef = EC6A4CA42E350B720087DB5C /* Spicy+Extension.swift */; };
		EC7CBBEA2E38DCC8008A9CF4 /* FeedbackCardState.swift in Sources */ = {isa = PBXBuildFile; fileRef = EC7CBBE92E38DCC8008A9CF4 /* FeedbackCardState.swift */; };
		EC7CBBEC2E3914FE008A9CF4 /* ChannelDetail+ShareButtonView.swift in Sources */ = {isa = PBXBuildFile; fileRef = EC7CBBEB2E3914FE008A9CF4 /* ChannelDetail+ShareButtonView.swift */; };
		EC7CBBEE2E391551008A9CF4 /* ChannelDetail+ShareSheetView.swift in Sources */ = {isa = PBXBuildFile; fileRef = EC7CBBED2E391551008A9CF4 /* ChannelDetail+ShareSheetView.swift */; };
		EC92DF462F0F707100D1AB81 /* KakaoAuthManager.swift in Sources */ = {isa = PBXBuildFile; fileRef = EC92DF432F0F707100D1AB81 /* KakaoAuthManager.swift */; };
		EC92DF472F0F707100D1AB81 /* FCMManager.swift in Sources */ = {isa = PBXBuildFile; fileRef = EC92DF402F0F707100D1AB81 /* FCMManager.swift */; };
		EC92DF482F0F707100D1AB81 /* EntityRepresentable.swift in Sources */ = {isa = PBXBuildFile; fileRef = EC92DF3D2F0F707100D1AB81 /* EntityRepresentable.swift */; };
		EC92DF492F0F707100D1AB81 /* FirebaseAuthManager.swift in Sources */ = {isa = PBXBuildFile; fileRef = EC92DF412F0F707100D1AB81 /* FirebaseAuthManager.swift */; };
		EC92DF4A2F0F707100D1AB81 /* CollectionType.swift in Sources */ = {isa = PBXBuildFile; fileRef = EC92DF3C2F0F707100D1AB81 /* CollectionType.swift */; };
		EC92DF4B2F0F707100D1AB81 /* FirestoreManager.swift in Sources */ = {isa = PBXBuildFile; fileRef = EC92DF422F0F707100D1AB81 /* FirestoreManager.swift */; };
		EC92DF4C2F0F707100D1AB81 /* DeepLinkManager.swift in Sources */ = {isa = PBXBuildFile; fileRef = EC92DF3F2F0F707100D1AB81 /* DeepLinkManager.swift */; };
		EC92DF4D2F0F707100D1AB81 /* KakaoShareManager.swift in Sources */ = {isa = PBXBuildFile; fileRef = EC92DF442F0F707100D1AB81 /* KakaoShareManager.swift */; };
		EC92DF532F0F839C00D1AB81 /* ChannelRepository.swift in Sources */ = {isa = PBXBuildFile; fileRef = EC92DF522F0F839C00D1AB81 /* ChannelRepository.swift */; };
		EC92DF552F0F88BB00D1AB81 /* ChannelService.swift in Sources */ = {isa = PBXBuildFile; fileRef = EC92DF542F0F88BB00D1AB81 /* ChannelService.swift */; };
		EC92E1042F1093D700D1AB81 /* FeedbackRepository.swift in Sources */ = {isa = PBXBuildFile; fileRef = EC92E1032F1093D700D1AB81 /* FeedbackRepository.swift */; };
		EC92E1062F1097BD00D1AB81 /* FeedbackService.swift in Sources */ = {isa = PBXBuildFile; fileRef = EC92E1052F1097BD00D1AB81 /* FeedbackService.swift */; };
		EC94C0F32E3746130020E59D /* GPTManger.swift in Sources */ = {isa = PBXBuildFile; fileRef = EC94C0F22E3746130020E59D /* GPTManger.swift */; };
		EC94C0F92E37AAAC0020E59D /* FeedbackDetail+CoverView.swift in Sources */ = {isa = PBXBuildFile; fileRef = EC94C0F82E37AAAC0020E59D /* FeedbackDetail+CoverView.swift */; };
		EC94C0FB2E37AAC40020E59D /* FeedbackDetail+ContentView.swift in Sources */ = {isa = PBXBuildFile; fileRef = EC94C0FA2E37AAC40020E59D /* FeedbackDetail+ContentView.swift */; };
		EC9959AC2E23EF1B001555B1 /* Date+Extension.swift in Sources */ = {isa = PBXBuildFile; fileRef = EC9959AB2E23EF1B001555B1 /* Date+Extension.swift */; };
		EC9959B22E24E646001555B1 /* ChannelDetailView.swift in Sources */ = {isa = PBXBuildFile; fileRef = EC9959AF2E24E646001555B1 /* ChannelDetailView.swift */; };
		EC9959B32E24E646001555B1 /* ChannelDetailViewModel.swift in Sources */ = {isa = PBXBuildFile; fileRef = EC9959B02E24E646001555B1 /* ChannelDetailViewModel.swift */; };
		EC9959BA2E25145B001555B1 /* FeedbackDetailView.swift in Sources */ = {isa = PBXBuildFile; fileRef = EC9959B92E25145B001555B1 /* FeedbackDetailView.swift */; };
		ECC980AF2E290DC4004A483B /* KakaoSDKShare in Frameworks */ = {isa = PBXBuildFile; productRef = ECC980AE2E290DC4004A483B /* KakaoSDKShare */; };
		ECC980B12E290DC4004A483B /* KakaoSDKTemplate in Frameworks */ = {isa = PBXBuildFile; productRef = ECC980B02E290DC4004A483B /* KakaoSDKTemplate */; };
		ECDF17282E2E618400964391 /* ChannelEditViewModel.swift in Sources */ = {isa = PBXBuildFile; fileRef = ECDF17272E2E618400964391 /* ChannelEditViewModel.swift */; };
		ECF597A72F0D66660012BB18 /* GoogleService-Info.plist in Resources */ = {isa = PBXBuildFile; fileRef = ECF597A62F0D66660012BB18 /* GoogleService-Info.plist */; };
		EE1BA9582E35F8880087E934 /* FeedbackWrite+WriteView.swift in Sources */ = {isa = PBXBuildFile; fileRef = EE1BA9572E35F8880087E934 /* FeedbackWrite+WriteView.swift */; };
		EE1BA95C2E3682640087E934 /* FeedbackWrite+InfoView.swift in Sources */ = {isa = PBXBuildFile; fileRef = EE1BA95B2E36825D0087E934 /* FeedbackWrite+InfoView.swift */; };
		EE1BA9602E37A3D20087E934 /* TopRoundedShape.swift in Sources */ = {isa = PBXBuildFile; fileRef = EE1BA95F2E37A3CE0087E934 /* TopRoundedShape.swift */; };
		EE1BA9662E388D260087E934 /* LoadingView.swift in Sources */ = {isa = PBXBuildFile; fileRef = EE1BA9652E388D260087E934 /* LoadingView.swift */; };
		EE3754AF2E1D7B36009AD262 /* .swiftlint.yml in Resources */ = {isa = PBXBuildFile; fileRef = EE3754AE2E1D7B36009AD262 /* .swiftlint.yml */; };
		EE37553D2E1E10EA009AD262 /* FeedbackContentType.swift in Sources */ = {isa = PBXBuildFile; fileRef = EE37553C2E1E10DF009AD262 /* FeedbackContentType.swift */; };
		EE37553F2E1E10F9009AD262 /* FeedbackContent.swift in Sources */ = {isa = PBXBuildFile; fileRef = EE37553E2E1E10F5009AD262 /* FeedbackContent.swift */; };
		EE3755412E1E1105009AD262 /* FeedbackChannel.swift in Sources */ = {isa = PBXBuildFile; fileRef = EE3755402E1E1102009AD262 /* FeedbackChannel.swift */; };
		EE3755462E1E5B8D009AD262 /* FirebaseAuth in Frameworks */ = {isa = PBXBuildFile; productRef = EE3755452E1E5B8D009AD262 /* FirebaseAuth */; };
		EE3755482E1E5B8D009AD262 /* FirebaseFirestore in Frameworks */ = {isa = PBXBuildFile; productRef = EE3755472E1E5B8D009AD262 /* FirebaseFirestore */; };
		EE37554A2E1E5BBD009AD262 /* AppDelegate.swift in Sources */ = {isa = PBXBuildFile; fileRef = EE3755492E1E5BB9009AD262 /* AppDelegate.swift */; };
		EE37582C2E1F80F3009AD262 /* Encodable+Extension.swift in Sources */ = {isa = PBXBuildFile; fileRef = EE37582B2E1F80F1009AD262 /* Encodable+Extension.swift */; };
		EE41FD7D2E223D050002E595 /* InputNickNameView.swift in Sources */ = {isa = PBXBuildFile; fileRef = EE41FD7C2E223CFD0002E595 /* InputNickNameView.swift */; };
		EE41FD822E223D720002E595 /* InputCodeView.swift in Sources */ = {isa = PBXBuildFile; fileRef = EE41FD812E223D720002E595 /* InputCodeView.swift */; };
		EE41FEDC2E2250DF0002E595 /* KakaoSDKAuth in Frameworks */ = {isa = PBXBuildFile; productRef = EE41FEDB2E2250DF0002E595 /* KakaoSDKAuth */; };
		EE41FEDE2E2250DF0002E595 /* KakaoSDKCommon in Frameworks */ = {isa = PBXBuildFile; productRef = EE41FEDD2E2250DF0002E595 /* KakaoSDKCommon */; };
		EE41FEE02E2250DF0002E595 /* KakaoSDKUser in Frameworks */ = {isa = PBXBuildFile; productRef = EE41FEDF2E2250DF0002E595 /* KakaoSDKUser */; };
		EE41FEE72E22572C0002E595 /* Bundle+Extension.swift in Sources */ = {isa = PBXBuildFile; fileRef = EE41FEE62E2257260002E595 /* Bundle+Extension.swift */; };
		EE41FEE92E2259350002E595 /* UserViewModel.swift in Sources */ = {isa = PBXBuildFile; fileRef = EE41FEE82E2259310002E595 /* UserViewModel.swift */; };
		EE465EEC2E262EDB0096109A /* MainNavigationRoutingView.swift in Sources */ = {isa = PBXBuildFile; fileRef = EE465EEB2E262ECA0096109A /* MainNavigationRoutingView.swift */; };
		EE465EEE2E2630F20096109A /* ChannelEditView.swift in Sources */ = {isa = PBXBuildFile; fileRef = EE465EED2E2630F20096109A /* ChannelEditView.swift */; };
		EE465EF22E2631840096109A /* FeedbackWriteCompleteView.swift in Sources */ = {isa = PBXBuildFile; fileRef = EE465EF12E2631840096109A /* FeedbackWriteCompleteView.swift */; };
		EE465EF82E2632B20096109A /* ChannelCreateCompleteView.swift in Sources */ = {isa = PBXBuildFile; fileRef = EE465EF72E2632B20096109A /* ChannelCreateCompleteView.swift */; };
		EE465EFC2E2650970096109A /* MainView.swift in Sources */ = {isa = PBXBuildFile; fileRef = EE465EFB2E2650970096109A /* MainView.swift */; };
		EE465F022E26510A0096109A /* ChannelList+ListItemView.swift in Sources */ = {isa = PBXBuildFile; fileRef = EE465F012E2651070096109A /* ChannelList+ListItemView.swift */; };
		EE465F062E27B2420096109A /* InputCodeViewModel.swift in Sources */ = {isa = PBXBuildFile; fileRef = EE465F052E27B23D0096109A /* InputCodeViewModel.swift */; };
		EE61A4322E3360900079E7A6 /* ChannelList+HeaderView.swift in Sources */ = {isa = PBXBuildFile; fileRef = EE61A4312E3360810079E7A6 /* ChannelList+HeaderView.swift */; };
		EE61A4342E3361550079E7A6 /* CustomPaddingModifier.swift in Sources */ = {isa = PBXBuildFile; fileRef = EE61A4332E33614F0079E7A6 /* CustomPaddingModifier.swift */; };
		EE7898C22E38F8B800EC671C /* tokenizer_config.json in Resources */ = {isa = PBXBuildFile; fileRef = EE7898C12E38F8B800EC671C /* tokenizer_config.json */; };
		EE7898C32E38F8B800EC671C /* tokenizer.json in Resources */ = {isa = PBXBuildFile; fileRef = EE7898C02E38F8B800EC671C /* tokenizer.json */; };
		EE78992B2E39E0B600EC671C /* ChannelList+ListEmptyView.swift in Sources */ = {isa = PBXBuildFile; fileRef = EE78992A2E39E0A800EC671C /* ChannelList+ListEmptyView.swift */; };
		EE78992D2E39ECAF00EC671C /* ChannelList+GuideToastView.swift in Sources */ = {isa = PBXBuildFile; fileRef = EE78992C2E39ECA000EC671C /* ChannelList+GuideToastView.swift */; };
		EE78992F2E39ED5E00EC671C /* ChannelList+GridView.swift in Sources */ = {isa = PBXBuildFile; fileRef = EE78992E2E39ED4A00EC671C /* ChannelList+GridView.swift */; };
		EE7899312E39EE3D00EC671C /* ChannelList+bottomView.swift in Sources */ = {isa = PBXBuildFile; fileRef = EE7899302E39EE3100EC671C /* ChannelList+bottomView.swift */; };
		EE7899342E39F98700EC671C /* ChannelCreateComplete+ContentView.swift in Sources */ = {isa = PBXBuildFile; fileRef = EE7899332E39F97400EC671C /* ChannelCreateComplete+ContentView.swift */; };
		EE7899362E39FAE200EC671C /* ChannelCreateComplete+ShareView.swift in Sources */ = {isa = PBXBuildFile; fileRef = EE7899352E39FADC00EC671C /* ChannelCreateComplete+ShareView.swift */; };
		EE7F0DAD2E35092A00B1C122 /* FeedbackWrite+ContentView.swift in Sources */ = {isa = PBXBuildFile; fileRef = EE7F0DAC2E35092A00B1C122 /* FeedbackWrite+ContentView.swift */; };
		EE7F0DB02E35D7D000B1C122 /* FeedbackWrite+HeaderView.swift in Sources */ = {isa = PBXBuildFile; fileRef = EE7F0DAF2E35D7D000B1C122 /* FeedbackWrite+HeaderView.swift */; };
		EE82C6172E35F80D0081B845 /* SplitView.swift in Sources */ = {isa = PBXBuildFile; fileRef = EE82C6162E35F80D0081B845 /* SplitView.swift */; };
		EE82DF9B2E24D5CD00EC1AFF /* ChannelCreateView.swift in Sources */ = {isa = PBXBuildFile; fileRef = EE82DF9A2E24D5C900EC1AFF /* ChannelCreateView.swift */; };
		EE82DF9D2E24D5DA00EC1AFF /* ChannelCreateViewModel.swift in Sources */ = {isa = PBXBuildFile; fileRef = EE82DF9C2E24D5D400EC1AFF /* ChannelCreateViewModel.swift */; };
		EE82DFA22E24D63A00EC1AFF /* ChannelCreateCompleteViewModel.swift in Sources */ = {isa = PBXBuildFile; fileRef = EE82DF9F2E24D63A00EC1AFF /* ChannelCreateCompleteViewModel.swift */; };
		EE856A382E1CD0F6006820B9 /* Assets.xcassets in Resources */ = {isa = PBXBuildFile; fileRef = EE856A352E1CD0F6006820B9 /* Assets.xcassets */; };
		EE856A392E1CD0F6006820B9 /* GimiFeedbackApp.swift in Sources */ = {isa = PBXBuildFile; fileRef = EE856A342E1CD0F6006820B9 /* GimiFeedbackApp.swift */; };
		EE856A442E1CD244006820B9 /* Color+Extension.swift in Sources */ = {isa = PBXBuildFile; fileRef = EE856A432E1CD23E006820B9 /* Color+Extension.swift */; };
		EE856A472E1CD2AD006820B9 /* Font+Extension.swift in Sources */ = {isa = PBXBuildFile; fileRef = EE856A462E1CD2AA006820B9 /* Font+Extension.swift */; };
		EE856A492E1CD2D7006820B9 /* Feedback.swift in Sources */ = {isa = PBXBuildFile; fileRef = EE856A482E1CD2D1006820B9 /* Feedback.swift */; };
		EE856A512E1CD418006820B9 /* ChannelListView.swift in Sources */ = {isa = PBXBuildFile; fileRef = EE856A502E1CD409006820B9 /* ChannelListView.swift */; };
		EE856A542E1CE5B8006820B9 /* ViewModelable.swift in Sources */ = {isa = PBXBuildFile; fileRef = EE856A532E1CE5B0006820B9 /* ViewModelable.swift */; };
		EE856A562E1CE604006820B9 /* ChannelListViewModel.swift in Sources */ = {isa = PBXBuildFile; fileRef = EE856A552E1CE5FF006820B9 /* ChannelListViewModel.swift */; };
		EE856CA92E1D6D6C006820B9 /* NavigationDestination.swift in Sources */ = {isa = PBXBuildFile; fileRef = EE856CA82E1D6D6A006820B9 /* NavigationDestination.swift */; };
		EEA0BBB62E2D41C6009A25D8 /* DeepLinkViewModel.swift in Sources */ = {isa = PBXBuildFile; fileRef = EEA0BBB52E2D41C6009A25D8 /* DeepLinkViewModel.swift */; };
		EEA0BD112E2DF6E2009A25D8 /* SUIT-Variable.ttf in Resources */ = {isa = PBXBuildFile; fileRef = EEA0BD102E2DF6E2009A25D8 /* SUIT-Variable.ttf */; };
		EEB902CF2E260C7100C71DF9 /* StartNavigationRoutingView.swift in Sources */ = {isa = PBXBuildFile; fileRef = EEB902CE2E260C6700C71DF9 /* StartNavigationRoutingView.swift */; };
		EEC0471A2E2E1D3B00918BAA /* GimiButtonStyle.swift in Sources */ = {isa = PBXBuildFile; fileRef = EEC047192E2E1D3A00918BAA /* GimiButtonStyle.swift */; };
		EEC048712E2E1E6100918BAA /* CustomNaviModifier.swift in Sources */ = {isa = PBXBuildFile; fileRef = EEC048702E2E1E6100918BAA /* CustomNaviModifier.swift */; };
		EEC048732E2E331400918BAA /* GimiTextEditorModifier.swift in Sources */ = {isa = PBXBuildFile; fileRef = EEC048722E2E330D00918BAA /* GimiTextEditorModifier.swift */; };
		EEC048752E2E916100918BAA /* SpeechView.swift in Sources */ = {isa = PBXBuildFile; fileRef = EEC048742E2E914800918BAA /* SpeechView.swift */; };
		EEC048782E2FAE8100918BAA /* GimiTextFieldStyle.swift in Sources */ = {isa = PBXBuildFile; fileRef = EEC048772E2FAE7900918BAA /* GimiTextFieldStyle.swift */; };
		EEC04A022E3352A000918BAA /* View+Extension.swift in Sources */ = {isa = PBXBuildFile; fileRef = EEC04A012E33522700918BAA /* View+Extension.swift */; };
		EEDBB1B82E28D45700F16407 /* FirebaseMessaging in Frameworks */ = {isa = PBXBuildFile; productRef = EEDBB1B72E28D45700F16407 /* FirebaseMessaging */; };
		EEDBB1BA2E28DA9200F16407 /* User.swift in Sources */ = {isa = PBXBuildFile; fileRef = EEDBB1B92E28DA9100F16407 /* User.swift */; };
		EEDBB1BE2E2913CE00F16407 /* FirebaseFunctions in Frameworks */ = {isa = PBXBuildFile; productRef = EEDBB1BD2E2913CE00F16407 /* FirebaseFunctions */; };
		EEE689132E2943FB0008012D /* NavigationRouter.swift in Sources */ = {isa = PBXBuildFile; fileRef = EE856CA62E1D6D31006820B9 /* NavigationRouter.swift */; };
		EEE689142E2944110008012D /* StartView.swift in Sources */ = {isa = PBXBuildFile; fileRef = EE856A5A2E1CEA98006820B9 /* StartView.swift */; };
		EEE6891A2E2A2CF50008012D /* NotificationViewModel.swift in Sources */ = {isa = PBXBuildFile; fileRef = EEE689192E2A2CF00008012D /* NotificationViewModel.swift */; };
/* End PBXBuildFile section */

/* Begin PBXContainerItemProxy section */
		EC233F912F109DEA001A38E4 /* PBXContainerItemProxy */ = {
			isa = PBXContainerItemProxy;
			containerPortal = EE856A1E2E1CD093006820B9 /* Project object */;
			proxyType = 1;
			remoteGlobalIDString = EE856A252E1CD093006820B9;
			remoteInfo = GimiFeedback;
		};
/* End PBXContainerItemProxy section */

/* Begin PBXFileReference section */
		0D7BFA292E3378E40056C579 /* ChannelCreateView+TitleView.swift */ = {isa = PBXFileReference; lastKnownFileType = sourcecode.swift; path = "ChannelCreateView+TitleView.swift"; sourceTree = "<group>"; };
		0D7BFA2B2E34ED810056C579 /* ChannelCreateView+DescriptionView.swift */ = {isa = PBXFileReference; lastKnownFileType = sourcecode.swift; path = "ChannelCreateView+DescriptionView.swift"; sourceTree = "<group>"; };
		0DC2A3D42E263E1500FF91BC /* FeedbackDetailViewModel.swift */ = {isa = PBXFileReference; lastKnownFileType = sourcecode.swift; path = FeedbackDetailViewModel.swift; sourceTree = "<group>"; };
		A020E27F2E66B87C00305D2B /* KcELECTRA-base-v2022-int8.mlpackage */ = {isa = PBXFileReference; lastKnownFileType = folder.mlpackage; path = "KcELECTRA-base-v2022-int8.mlpackage"; sourceTree = "<group>"; };
		D30602812E377E9700908D1D /* EncoderModel.swift */ = {isa = PBXFileReference; lastKnownFileType = sourcecode.swift; path = EncoderModel.swift; sourceTree = "<group>"; };
		D30602822E377E9700908D1D /* EncoderTokenizer.swift */ = {isa = PBXFileReference; lastKnownFileType = sourcecode.swift; path = EncoderTokenizer.swift; sourceTree = "<group>"; };
		D30602882E377EA100908D1D /* MLREADME.md */ = {isa = PBXFileReference; lastKnownFileType = net.daringfireball.markdown; path = MLREADME.md; sourceTree = "<group>"; };
		D306028B2E377EC500908D1D /* FeedbackWriteView.swift */ = {isa = PBXFileReference; lastKnownFileType = sourcecode.swift; path = FeedbackWriteView.swift; sourceTree = "<group>"; };
		D306028C2E377EC500908D1D /* FeedbackWriteViewModel.swift */ = {isa = PBXFileReference; lastKnownFileType = sourcecode.swift; path = FeedbackWriteViewModel.swift; sourceTree = "<group>"; };
		D36C43832E38A025006A027E /* TokenizerREADME.md */ = {isa = PBXFileReference; lastKnownFileType = net.daringfireball.markdown; path = TokenizerREADME.md; sourceTree = "<group>"; };
		EC233F8D2F109DEA001A38E4 /* GimiFeedbackTests.xctest */ = {isa = PBXFileReference; explicitFileType = wrapper.cfbundle; includeInIndex = 0; path = GimiFeedbackTests.xctest; sourceTree = BUILT_PRODUCTS_DIR; };
		EC371D832E55E9AA008E4AB7 /* GeminiManger.swift */ = {isa = PBXFileReference; lastKnownFileType = sourcecode.swift; path = GeminiManger.swift; sourceTree = "<group>"; };
		EC6A4C832E31284F0087DB5C /* ChannelDetail+DescriptionView.swift */ = {isa = PBXFileReference; lastKnownFileType = sourcecode.swift; path = "ChannelDetail+DescriptionView.swift"; sourceTree = "<group>"; };
		EC6A4C852E3129300087DB5C /* ChannelDetail+EmptyFeedbackView.swift */ = {isa = PBXFileReference; lastKnownFileType = sourcecode.swift; path = "ChannelDetail+EmptyFeedbackView.swift"; sourceTree = "<group>"; };
		EC6A4C872E312A3B0087DB5C /* ChannelDetail+FeedbackListView.swift */ = {isa = PBXFileReference; lastKnownFileType = sourcecode.swift; path = "ChannelDetail+FeedbackListView.swift"; sourceTree = "<group>"; };
		EC6A4C892E312D410087DB5C /* ChannelDetail+FeedbackRowView.swift */ = {isa = PBXFileReference; lastKnownFileType = sourcecode.swift; path = "ChannelDetail+FeedbackRowView.swift"; sourceTree = "<group>"; };
		EC6A4C8C2E3227120087DB5C /* ChannelEdit+TitleView.swift */ = {isa = PBXFileReference; lastKnownFileType = sourcecode.swift; path = "ChannelEdit+TitleView.swift"; sourceTree = "<group>"; };
		EC6A4C8E2E3227C40087DB5C /* ChannelEdit+ContentView.swift */ = {isa = PBXFileReference; lastKnownFileType = sourcecode.swift; path = "ChannelEdit+ContentView.swift"; sourceTree = "<group>"; };
		EC6A4C982E336DA40087DB5C /* FeedbackDetail+FeedbackRowView.swift */ = {isa = PBXFileReference; lastKnownFileType = sourcecode.swift; path = "FeedbackDetail+FeedbackRowView.swift"; sourceTree = "<group>"; };
		EC6A4C9A2E336DC80087DB5C /* FeedbackDetail+SectionView.swift */ = {isa = PBXFileReference; lastKnownFileType = sourcecode.swift; path = "FeedbackDetail+SectionView.swift"; sourceTree = "<group>"; };
		EC6A4C9C2E34A67E0087DB5C /* FeedbackDetail+DescriptionView.swift */ = {isa = PBXFileReference; lastKnownFileType = sourcecode.swift; path = "FeedbackDetail+DescriptionView.swift"; sourceTree = "<group>"; };
		EC6A4CA02E34D5660087DB5C /* ToastView.swift */ = {isa = PBXFileReference; lastKnownFileType = sourcecode.swift; path = ToastView.swift; sourceTree = "<group>"; };
		EC6A4CA22E34DBCC0087DB5C /* UserDefaults+Extension.swift */ = {isa = PBXFileReference; lastKnownFileType = sourcecode.swift; path = "UserDefaults+Extension.swift"; sourceTree = "<group>"; };
		EC6A4CA42E350B720087DB5C /* Spicy+Extension.swift */ = {isa = PBXFileReference; lastKnownFileType = sourcecode.swift; path = "Spicy+Extension.swift"; sourceTree = "<group>"; };
		EC7CBBE92E38DCC8008A9CF4 /* FeedbackCardState.swift */ = {isa = PBXFileReference; lastKnownFileType = sourcecode.swift; path = FeedbackCardState.swift; sourceTree = "<group>"; };
		EC7CBBEB2E3914FE008A9CF4 /* ChannelDetail+ShareButtonView.swift */ = {isa = PBXFileReference; lastKnownFileType = sourcecode.swift; path = "ChannelDetail+ShareButtonView.swift"; sourceTree = "<group>"; };
		EC7CBBED2E391551008A9CF4 /* ChannelDetail+ShareSheetView.swift */ = {isa = PBXFileReference; lastKnownFileType = sourcecode.swift; path = "ChannelDetail+ShareSheetView.swift"; sourceTree = "<group>"; };
		EC92DF3C2F0F707100D1AB81 /* CollectionType.swift */ = {isa = PBXFileReference; lastKnownFileType = sourcecode.swift; path = CollectionType.swift; sourceTree = "<group>"; };
		EC92DF3D2F0F707100D1AB81 /* EntityRepresentable.swift */ = {isa = PBXFileReference; lastKnownFileType = sourcecode.swift; path = EntityRepresentable.swift; sourceTree = "<group>"; };
		EC92DF3F2F0F707100D1AB81 /* DeepLinkManager.swift */ = {isa = PBXFileReference; lastKnownFileType = sourcecode.swift; path = DeepLinkManager.swift; sourceTree = "<group>"; };
		EC92DF402F0F707100D1AB81 /* FCMManager.swift */ = {isa = PBXFileReference; lastKnownFileType = sourcecode.swift; path = FCMManager.swift; sourceTree = "<group>"; };
		EC92DF412F0F707100D1AB81 /* FirebaseAuthManager.swift */ = {isa = PBXFileReference; lastKnownFileType = sourcecode.swift; path = FirebaseAuthManager.swift; sourceTree = "<group>"; };
		EC92DF422F0F707100D1AB81 /* FirestoreManager.swift */ = {isa = PBXFileReference; lastKnownFileType = sourcecode.swift; path = FirestoreManager.swift; sourceTree = "<group>"; };
		EC92DF432F0F707100D1AB81 /* KakaoAuthManager.swift */ = {isa = PBXFileReference; lastKnownFileType = sourcecode.swift; path = KakaoAuthManager.swift; sourceTree = "<group>"; };
		EC92DF442F0F707100D1AB81 /* KakaoShareManager.swift */ = {isa = PBXFileReference; lastKnownFileType = sourcecode.swift; path = KakaoShareManager.swift; sourceTree = "<group>"; };
		EC92DF522F0F839C00D1AB81 /* ChannelRepository.swift */ = {isa = PBXFileReference; lastKnownFileType = sourcecode.swift; path = ChannelRepository.swift; sourceTree = "<group>"; };
		EC92DF542F0F88BB00D1AB81 /* ChannelService.swift */ = {isa = PBXFileReference; lastKnownFileType = sourcecode.swift; path = ChannelService.swift; sourceTree = "<group>"; };
		EC92E1032F1093D700D1AB81 /* FeedbackRepository.swift */ = {isa = PBXFileReference; lastKnownFileType = sourcecode.swift; path = FeedbackRepository.swift; sourceTree = "<group>"; };
		EC92E1052F1097BD00D1AB81 /* FeedbackService.swift */ = {isa = PBXFileReference; lastKnownFileType = sourcecode.swift; path = FeedbackService.swift; sourceTree = "<group>"; };
		EC94C0F22E3746130020E59D /* GPTManger.swift */ = {isa = PBXFileReference; lastKnownFileType = sourcecode.swift; path = GPTManger.swift; sourceTree = "<group>"; };
		EC94C0F82E37AAAC0020E59D /* FeedbackDetail+CoverView.swift */ = {isa = PBXFileReference; lastKnownFileType = sourcecode.swift; path = "FeedbackDetail+CoverView.swift"; sourceTree = "<group>"; };
		EC94C0FA2E37AAC40020E59D /* FeedbackDetail+ContentView.swift */ = {isa = PBXFileReference; lastKnownFileType = sourcecode.swift; path = "FeedbackDetail+ContentView.swift"; sourceTree = "<group>"; };
		EC9959AB2E23EF1B001555B1 /* Date+Extension.swift */ = {isa = PBXFileReference; lastKnownFileType = sourcecode.swift; path = "Date+Extension.swift"; sourceTree = "<group>"; };
		EC9959AF2E24E646001555B1 /* ChannelDetailView.swift */ = {isa = PBXFileReference; lastKnownFileType = sourcecode.swift; path = ChannelDetailView.swift; sourceTree = "<group>"; };
		EC9959B02E24E646001555B1 /* ChannelDetailViewModel.swift */ = {isa = PBXFileReference; lastKnownFileType = sourcecode.swift; path = ChannelDetailViewModel.swift; sourceTree = "<group>"; };
		EC9959B92E25145B001555B1 /* FeedbackDetailView.swift */ = {isa = PBXFileReference; lastKnownFileType = sourcecode.swift; path = FeedbackDetailView.swift; sourceTree = "<group>"; };
		ECDF17272E2E618400964391 /* ChannelEditViewModel.swift */ = {isa = PBXFileReference; lastKnownFileType = sourcecode.swift; path = ChannelEditViewModel.swift; sourceTree = "<group>"; };
		ECF597A62F0D66660012BB18 /* GoogleService-Info.plist */ = {isa = PBXFileReference; lastKnownFileType = text.plist.xml; path = "GoogleService-Info.plist"; sourceTree = "<group>"; };
		EE1BA9572E35F8880087E934 /* FeedbackWrite+WriteView.swift */ = {isa = PBXFileReference; lastKnownFileType = sourcecode.swift; path = "FeedbackWrite+WriteView.swift"; sourceTree = "<group>"; };
		EE1BA95B2E36825D0087E934 /* FeedbackWrite+InfoView.swift */ = {isa = PBXFileReference; lastKnownFileType = sourcecode.swift; path = "FeedbackWrite+InfoView.swift"; sourceTree = "<group>"; };
		EE1BA95F2E37A3CE0087E934 /* TopRoundedShape.swift */ = {isa = PBXFileReference; lastKnownFileType = sourcecode.swift; path = TopRoundedShape.swift; sourceTree = "<group>"; };
		EE1BA9652E388D260087E934 /* LoadingView.swift */ = {isa = PBXFileReference; lastKnownFileType = sourcecode.swift; path = LoadingView.swift; sourceTree = "<group>"; };
		EE3754AE2E1D7B36009AD262 /* .swiftlint.yml */ = {isa = PBXFileReference; lastKnownFileType = text.yaml; path = .swiftlint.yml; sourceTree = "<group>"; };
		EE37553C2E1E10DF009AD262 /* FeedbackContentType.swift */ = {isa = PBXFileReference; lastKnownFileType = sourcecode.swift; path = FeedbackContentType.swift; sourceTree = "<group>"; };
		EE37553E2E1E10F5009AD262 /* FeedbackContent.swift */ = {isa = PBXFileReference; lastKnownFileType = sourcecode.swift; path = FeedbackContent.swift; sourceTree = "<group>"; };
		EE3755402E1E1102009AD262 /* FeedbackChannel.swift */ = {isa = PBXFileReference; lastKnownFileType = sourcecode.swift; path = FeedbackChannel.swift; sourceTree = "<group>"; };
		EE3755492E1E5BB9009AD262 /* AppDelegate.swift */ = {isa = PBXFileReference; lastKnownFileType = sourcecode.swift; path = AppDelegate.swift; sourceTree = "<group>"; };
		EE37582B2E1F80F1009AD262 /* Encodable+Extension.swift */ = {isa = PBXFileReference; lastKnownFileType = sourcecode.swift; path = "Encodable+Extension.swift"; sourceTree = "<group>"; };
		EE41FD7C2E223CFD0002E595 /* InputNickNameView.swift */ = {isa = PBXFileReference; lastKnownFileType = sourcecode.swift; path = InputNickNameView.swift; sourceTree = "<group>"; };
		EE41FD812E223D720002E595 /* InputCodeView.swift */ = {isa = PBXFileReference; lastKnownFileType = sourcecode.swift; path = InputCodeView.swift; sourceTree = "<group>"; };
		EE41FEE12E22511D0002E595 /* Info.plist */ = {isa = PBXFileReference; lastKnownFileType = text.plist.xml; path = Info.plist; sourceTree = "<group>"; };
		EE41FEE42E2256280002E595 /* Config.xcconfig */ = {isa = PBXFileReference; lastKnownFileType = text.xcconfig; path = Config.xcconfig; sourceTree = "<group>"; };
		EE41FEE62E2257260002E595 /* Bundle+Extension.swift */ = {isa = PBXFileReference; lastKnownFileType = sourcecode.swift; path = "Bundle+Extension.swift"; sourceTree = "<group>"; };
		EE41FEE82E2259310002E595 /* UserViewModel.swift */ = {isa = PBXFileReference; lastKnownFileType = sourcecode.swift; path = UserViewModel.swift; sourceTree = "<group>"; };
		EE465EEB2E262ECA0096109A /* MainNavigationRoutingView.swift */ = {isa = PBXFileReference; lastKnownFileType = sourcecode.swift; path = MainNavigationRoutingView.swift; sourceTree = "<group>"; };
		EE465EED2E2630F20096109A /* ChannelEditView.swift */ = {isa = PBXFileReference; lastKnownFileType = sourcecode.swift; path = ChannelEditView.swift; sourceTree = "<group>"; };
		EE465EF12E2631840096109A /* FeedbackWriteCompleteView.swift */ = {isa = PBXFileReference; lastKnownFileType = sourcecode.swift; path = FeedbackWriteCompleteView.swift; sourceTree = "<group>"; };
		EE465EF72E2632B20096109A /* ChannelCreateCompleteView.swift */ = {isa = PBXFileReference; lastKnownFileType = sourcecode.swift; path = ChannelCreateCompleteView.swift; sourceTree = "<group>"; };
		EE465EFB2E2650970096109A /* MainView.swift */ = {isa = PBXFileReference; lastKnownFileType = sourcecode.swift; path = MainView.swift; sourceTree = "<group>"; };
		EE465F012E2651070096109A /* ChannelList+ListItemView.swift */ = {isa = PBXFileReference; lastKnownFileType = sourcecode.swift; path = "ChannelList+ListItemView.swift"; sourceTree = "<group>"; };
		EE465F052E27B23D0096109A /* InputCodeViewModel.swift */ = {isa = PBXFileReference; lastKnownFileType = sourcecode.swift; path = InputCodeViewModel.swift; sourceTree = "<group>"; };
		EE61A4312E3360810079E7A6 /* ChannelList+HeaderView.swift */ = {isa = PBXFileReference; lastKnownFileType = sourcecode.swift; path = "ChannelList+HeaderView.swift"; sourceTree = "<group>"; };
		EE61A4332E33614F0079E7A6 /* CustomPaddingModifier.swift */ = {isa = PBXFileReference; lastKnownFileType = sourcecode.swift; path = CustomPaddingModifier.swift; sourceTree = "<group>"; };
		EE7898C02E38F8B800EC671C /* tokenizer.json */ = {isa = PBXFileReference; lastKnownFileType = text.json; path = tokenizer.json; sourceTree = "<group>"; };
		EE7898C12E38F8B800EC671C /* tokenizer_config.json */ = {isa = PBXFileReference; lastKnownFileType = text.json; path = tokenizer_config.json; sourceTree = "<group>"; };
		EE78992A2E39E0A800EC671C /* ChannelList+ListEmptyView.swift */ = {isa = PBXFileReference; lastKnownFileType = sourcecode.swift; path = "ChannelList+ListEmptyView.swift"; sourceTree = "<group>"; };
		EE78992C2E39ECA000EC671C /* ChannelList+GuideToastView.swift */ = {isa = PBXFileReference; lastKnownFileType = sourcecode.swift; path = "ChannelList+GuideToastView.swift"; sourceTree = "<group>"; };
		EE78992E2E39ED4A00EC671C /* ChannelList+GridView.swift */ = {isa = PBXFileReference; lastKnownFileType = sourcecode.swift; path = "ChannelList+GridView.swift"; sourceTree = "<group>"; };
		EE7899302E39EE3100EC671C /* ChannelList+bottomView.swift */ = {isa = PBXFileReference; lastKnownFileType = sourcecode.swift; path = "ChannelList+bottomView.swift"; sourceTree = "<group>"; };
		EE7899332E39F97400EC671C /* ChannelCreateComplete+ContentView.swift */ = {isa = PBXFileReference; lastKnownFileType = sourcecode.swift; path = "ChannelCreateComplete+ContentView.swift"; sourceTree = "<group>"; };
		EE7899352E39FADC00EC671C /* ChannelCreateComplete+ShareView.swift */ = {isa = PBXFileReference; lastKnownFileType = sourcecode.swift; path = "ChannelCreateComplete+ShareView.swift"; sourceTree = "<group>"; };
		EE7F0DAC2E35092A00B1C122 /* FeedbackWrite+ContentView.swift */ = {isa = PBXFileReference; lastKnownFileType = sourcecode.swift; path = "FeedbackWrite+ContentView.swift"; sourceTree = "<group>"; };
		EE7F0DAF2E35D7D000B1C122 /* FeedbackWrite+HeaderView.swift */ = {isa = PBXFileReference; lastKnownFileType = sourcecode.swift; path = "FeedbackWrite+HeaderView.swift"; sourceTree = "<group>"; };
		EE82C6162E35F80D0081B845 /* SplitView.swift */ = {isa = PBXFileReference; lastKnownFileType = sourcecode.swift; path = SplitView.swift; sourceTree = "<group>"; };
		EE82DF9A2E24D5C900EC1AFF /* ChannelCreateView.swift */ = {isa = PBXFileReference; lastKnownFileType = sourcecode.swift; path = ChannelCreateView.swift; sourceTree = "<group>"; };
		EE82DF9C2E24D5D400EC1AFF /* ChannelCreateViewModel.swift */ = {isa = PBXFileReference; lastKnownFileType = sourcecode.swift; path = ChannelCreateViewModel.swift; sourceTree = "<group>"; };
		EE82DF9F2E24D63A00EC1AFF /* ChannelCreateCompleteViewModel.swift */ = {isa = PBXFileReference; lastKnownFileType = sourcecode.swift; path = ChannelCreateCompleteViewModel.swift; sourceTree = "<group>"; };
		EE856A262E1CD093006820B9 /* GimiFeedback.app */ = {isa = PBXFileReference; explicitFileType = wrapper.application; includeInIndex = 0; path = GimiFeedback.app; sourceTree = BUILT_PRODUCTS_DIR; };
		EE856A342E1CD0F6006820B9 /* GimiFeedbackApp.swift */ = {isa = PBXFileReference; lastKnownFileType = sourcecode.swift; path = GimiFeedbackApp.swift; sourceTree = "<group>"; };
		EE856A352E1CD0F6006820B9 /* Assets.xcassets */ = {isa = PBXFileReference; lastKnownFileType = folder.assetcatalog; path = Assets.xcassets; sourceTree = "<group>"; };
		EE856A432E1CD23E006820B9 /* Color+Extension.swift */ = {isa = PBXFileReference; lastKnownFileType = sourcecode.swift; path = "Color+Extension.swift"; sourceTree = "<group>"; };
		EE856A462E1CD2AA006820B9 /* Font+Extension.swift */ = {isa = PBXFileReference; lastKnownFileType = sourcecode.swift; path = "Font+Extension.swift"; sourceTree = "<group>"; };
		EE856A482E1CD2D1006820B9 /* Feedback.swift */ = {isa = PBXFileReference; lastKnownFileType = sourcecode.swift; path = Feedback.swift; sourceTree = "<group>"; };
		EE856A502E1CD409006820B9 /* ChannelListView.swift */ = {isa = PBXFileReference; lastKnownFileType = sourcecode.swift; path = ChannelListView.swift; sourceTree = "<group>"; };
		EE856A532E1CE5B0006820B9 /* ViewModelable.swift */ = {isa = PBXFileReference; lastKnownFileType = sourcecode.swift; path = ViewModelable.swift; sourceTree = "<group>"; };
		EE856A552E1CE5FF006820B9 /* ChannelListViewModel.swift */ = {isa = PBXFileReference; lastKnownFileType = sourcecode.swift; path = ChannelListViewModel.swift; sourceTree = "<group>"; };
		EE856A5A2E1CEA98006820B9 /* StartView.swift */ = {isa = PBXFileReference; lastKnownFileType = sourcecode.swift; path = StartView.swift; sourceTree = "<group>"; };
		EE856CA62E1D6D31006820B9 /* NavigationRouter.swift */ = {isa = PBXFileReference; lastKnownFileType = sourcecode.swift; path = NavigationRouter.swift; sourceTree = "<group>"; };
		EE856CA82E1D6D6A006820B9 /* NavigationDestination.swift */ = {isa = PBXFileReference; lastKnownFileType = sourcecode.swift; path = NavigationDestination.swift; sourceTree = "<group>"; };
		EEA0BBB52E2D41C6009A25D8 /* DeepLinkViewModel.swift */ = {isa = PBXFileReference; lastKnownFileType = sourcecode.swift; path = DeepLinkViewModel.swift; sourceTree = "<group>"; };
		EEA0BD102E2DF6E2009A25D8 /* SUIT-Variable.ttf */ = {isa = PBXFileReference; lastKnownFileType = file; path = "SUIT-Variable.ttf"; sourceTree = "<group>"; };
		EEB902CE2E260C6700C71DF9 /* StartNavigationRoutingView.swift */ = {isa = PBXFileReference; lastKnownFileType = sourcecode.swift; path = StartNavigationRoutingView.swift; sourceTree = "<group>"; };
		EEC047192E2E1D3A00918BAA /* GimiButtonStyle.swift */ = {isa = PBXFileReference; lastKnownFileType = sourcecode.swift; path = GimiButtonStyle.swift; sourceTree = "<group>"; };
		EEC048702E2E1E6100918BAA /* CustomNaviModifier.swift */ = {isa = PBXFileReference; lastKnownFileType = sourcecode.swift; path = CustomNaviModifier.swift; sourceTree = "<group>"; };
		EEC048722E2E330D00918BAA /* GimiTextEditorModifier.swift */ = {isa = PBXFileReference; lastKnownFileType = sourcecode.swift; path = GimiTextEditorModifier.swift; sourceTree = "<group>"; };
		EEC048742E2E914800918BAA /* SpeechView.swift */ = {isa = PBXFileReference; lastKnownFileType = sourcecode.swift; path = SpeechView.swift; sourceTree = "<group>"; };
		EEC048772E2FAE7900918BAA /* GimiTextFieldStyle.swift */ = {isa = PBXFileReference; lastKnownFileType = sourcecode.swift; path = GimiTextFieldStyle.swift; sourceTree = "<group>"; };
		EEC04A012E33522700918BAA /* View+Extension.swift */ = {isa = PBXFileReference; lastKnownFileType = sourcecode.swift; path = "View+Extension.swift"; sourceTree = "<group>"; };
		EEDBB1B62E28D2E900F16407 /* GimiFeedback.entitlements */ = {isa = PBXFileReference; lastKnownFileType = text.plist.entitlements; path = GimiFeedback.entitlements; sourceTree = "<group>"; };
		EEDBB1B92E28DA9100F16407 /* User.swift */ = {isa = PBXFileReference; lastKnownFileType = sourcecode.swift; path = User.swift; sourceTree = "<group>"; };
		EEE689192E2A2CF00008012D /* NotificationViewModel.swift */ = {isa = PBXFileReference; lastKnownFileType = sourcecode.swift; path = NotificationViewModel.swift; sourceTree = "<group>"; };
/* End PBXFileReference section */

/* Begin PBXFileSystemSynchronizedRootGroup section */
		EC233F8E2F109DEA001A38E4 /* GimiFeedbackTests */ = {
			isa = PBXFileSystemSynchronizedRootGroup;
			path = GimiFeedbackTests;
			sourceTree = "<group>";
		};
/* End PBXFileSystemSynchronizedRootGroup section */

/* Begin PBXFrameworksBuildPhase section */
		EC233F8A2F109DEA001A38E4 /* Frameworks */ = {
			isa = PBXFrameworksBuildPhase;
			buildActionMask = 2147483647;
			files = (
			);
			runOnlyForDeploymentPostprocessing = 0;
		};
		EE856A232E1CD093006820B9 /* Frameworks */ = {
			isa = PBXFrameworksBuildPhase;
			buildActionMask = 2147483647;
			files = (
				EEDBB1B82E28D45700F16407 /* FirebaseMessaging in Frameworks */,
				EEDBB1BE2E2913CE00F16407 /* FirebaseFunctions in Frameworks */,
				D306027D2E377E8400908D1D /* Transformers in Frameworks */,
				EE41FEDE2E2250DF0002E595 /* KakaoSDKCommon in Frameworks */,
				EC25CC332E5975880087EC50 /* FirebaseAppCheck in Frameworks */,
				EE3755462E1E5B8D009AD262 /* FirebaseAuth in Frameworks */,
				ECC980B12E290DC4004A483B /* KakaoSDKTemplate in Frameworks */,
				EE3755482E1E5B8D009AD262 /* FirebaseFirestore in Frameworks */,
				EE41FEE02E2250DF0002E595 /* KakaoSDKUser in Frameworks */,
				EC371DC92E560D76008E4AB7 /* FirebaseAI in Frameworks */,
				EE41FEDC2E2250DF0002E595 /* KakaoSDKAuth in Frameworks */,
				ECC980AF2E290DC4004A483B /* KakaoSDKShare in Frameworks */,
			);
			runOnlyForDeploymentPostprocessing = 0;
		};
/* End PBXFrameworksBuildPhase section */

/* Begin PBXGroup section */
		0D7BFA282E3378CB0056C579 /* SubView */ = {
			isa = PBXGroup;
			children = (
				0D7BFA292E3378E40056C579 /* ChannelCreateView+TitleView.swift */,
				0D7BFA2B2E34ED810056C579 /* ChannelCreateView+DescriptionView.swift */,
			);
			path = SubView;
			sourceTree = "<group>";
		};
		0DC2A4382E2A213F00FF91BC /* SubView */ = {
			isa = PBXGroup;
			children = (
				EC6A4C982E336DA40087DB5C /* FeedbackDetail+FeedbackRowView.swift */,
				EC6A4C9A2E336DC80087DB5C /* FeedbackDetail+SectionView.swift */,
				EC6A4C9C2E34A67E0087DB5C /* FeedbackDetail+DescriptionView.swift */,
				EC94C0F82E37AAAC0020E59D /* FeedbackDetail+CoverView.swift */,
				EC94C0FA2E37AAC40020E59D /* FeedbackDetail+ContentView.swift */,
			);
			path = SubView;
			sourceTree = "<group>";
		};
		D30602802E377E9700908D1D /* tokenizer */ = {
			isa = PBXGroup;
			children = (
				EE7898C02E38F8B800EC671C /* tokenizer.json */,
				EE7898C12E38F8B800EC671C /* tokenizer_config.json */,
				D36C43832E38A025006A027E /* TokenizerREADME.md */,
			);
			path = tokenizer;
			sourceTree = "<group>";
		};
		D30602832E377E9700908D1D /* MLModel */ = {
			isa = PBXGroup;
			children = (
				D30602802E377E9700908D1D /* tokenizer */,
				D30602812E377E9700908D1D /* EncoderModel.swift */,
				D30602822E377E9700908D1D /* EncoderTokenizer.swift */,
			);
			path = MLModel;
			sourceTree = "<group>";
		};
		D30602892E377EA100908D1D /* MLWeights */ = {
			isa = PBXGroup;
			children = (
				A020E27F2E66B87C00305D2B /* KcELECTRA-base-v2022-int8.mlpackage */,
				D30602882E377EA100908D1D /* MLREADME.md */,
			);
			path = MLWeights;
			sourceTree = "<group>";
		};
		EC371D822E55E99C008E4AB7 /* LLM */ = {
			isa = PBXGroup;
			children = (
				EC94C0F22E3746130020E59D /* GPTManger.swift */,
				EC371D832E55E9AA008E4AB7 /* GeminiManger.swift */,
			);
			path = LLM;
			sourceTree = "<group>";
		};
		EC6A4C822E31274B0087DB5C /* SubViews */ = {
			isa = PBXGroup;
			children = (
				EC6A4C832E31284F0087DB5C /* ChannelDetail+DescriptionView.swift */,
				EC6A4C852E3129300087DB5C /* ChannelDetail+EmptyFeedbackView.swift */,
				EC6A4C872E312A3B0087DB5C /* ChannelDetail+FeedbackListView.swift */,
				EC6A4C892E312D410087DB5C /* ChannelDetail+FeedbackRowView.swift */,
				EC7CBBEB2E3914FE008A9CF4 /* ChannelDetail+ShareButtonView.swift */,
				EC7CBBED2E391551008A9CF4 /* ChannelDetail+ShareSheetView.swift */,
			);
			path = SubViews;
			sourceTree = "<group>";
		};
		EC6A4C8B2E3226F30087DB5C /* SubViews */ = {
			isa = PBXGroup;
			children = (
				EC6A4C8C2E3227120087DB5C /* ChannelEdit+TitleView.swift */,
				EC6A4C8E2E3227C40087DB5C /* ChannelEdit+ContentView.swift */,
			);
			path = SubViews;
			sourceTree = "<group>";
		};
		EC92DF3B2F0F6FEE00D1AB81 /* Domain */ = {
			isa = PBXGroup;
			children = (
				EC92DF512F0F748400D1AB81 /* Protocol */,
				EE856A3E2E1CD111006820B9 /* Entity */,
			);
			path = Domain;
			sourceTree = "<group>";
		};
		EC92DF3E2F0F707100D1AB81 /* Common */ = {
			isa = PBXGroup;
			children = (
				EC92DF3C2F0F707100D1AB81 /* CollectionType.swift */,
				EC92DF3D2F0F707100D1AB81 /* EntityRepresentable.swift */,
			);
			path = Common;
			sourceTree = "<group>";
		};
		EC92DF452F0F707100D1AB81 /* Network */ = {
			isa = PBXGroup;
			children = (
				EC92DF3F2F0F707100D1AB81 /* DeepLinkManager.swift */,
				EC92DF402F0F707100D1AB81 /* FCMManager.swift */,
				EC92DF412F0F707100D1AB81 /* FirebaseAuthManager.swift */,
				EC92DF422F0F707100D1AB81 /* FirestoreManager.swift */,
				EC92DF432F0F707100D1AB81 /* KakaoAuthManager.swift */,
				EC92DF442F0F707100D1AB81 /* KakaoShareManager.swift */,
			);
			path = Network;
			sourceTree = "<group>";
		};
		EC92DF4E2F0F70A300D1AB81 /* Platform */ = {
			isa = PBXGroup;
			children = (
				EC92DF502F0F713A00D1AB81 /* Service */,
				EC92DF452F0F707100D1AB81 /* Network */,
			);
			path = Platform;
			sourceTree = "<group>";
		};
		EC92DF502F0F713A00D1AB81 /* Service */ = {
			isa = PBXGroup;
			children = (
				EC92DF542F0F88BB00D1AB81 /* ChannelService.swift */,
				EC92E1052F1097BD00D1AB81 /* FeedbackService.swift */,
			);
			path = Service;
			sourceTree = "<group>";
		};
		EC92DF512F0F748400D1AB81 /* Protocol */ = {
			isa = PBXGroup;
			children = (
				EC92DF522F0F839C00D1AB81 /* ChannelRepository.swift */,
				EC92E1032F1093D700D1AB81 /* FeedbackRepository.swift */,
			);
			path = Protocol;
			sourceTree = "<group>";
		};
		EC9959B12E24E646001555B1 /* ChannelDetail */ = {
			isa = PBXGroup;
			children = (
				EC6A4C822E31274B0087DB5C /* SubViews */,
				EC9959AF2E24E646001555B1 /* ChannelDetailView.swift */,
				EC9959B02E24E646001555B1 /* ChannelDetailViewModel.swift */,
			);
			path = ChannelDetail;
			sourceTree = "<group>";
		};
		EC9959B52E251368001555B1 /* ChannelEdit */ = {
			isa = PBXGroup;
			children = (
				EC6A4C8B2E3226F30087DB5C /* SubViews */,
				EE465EED2E2630F20096109A /* ChannelEditView.swift */,
				ECDF17272E2E618400964391 /* ChannelEditViewModel.swift */,
			);
			path = ChannelEdit;
			sourceTree = "<group>";
		};
		EC9959B82E251453001555B1 /* FeedbackDetail */ = {
			isa = PBXGroup;
			children = (
				0DC2A4382E2A213F00FF91BC /* SubView */,
				EC9959B92E25145B001555B1 /* FeedbackDetailView.swift */,
				0DC2A3D42E263E1500FF91BC /* FeedbackDetailViewModel.swift */,
			);
			path = FeedbackDetail;
			sourceTree = "<group>";
		};
		EC9959BB2E2518AF001555B1 /* FeedbackWrite */ = {
			isa = PBXGroup;
			children = (
				EE7F0DAA2E3508ED00B1C122 /* SubViews */,
				D306028B2E377EC500908D1D /* FeedbackWriteView.swift */,
				D306028C2E377EC500908D1D /* FeedbackWriteViewModel.swift */,
			);
			path = FeedbackWrite;
			sourceTree = "<group>";
		};
		EC9959BE2E2518BE001555B1 /* FeedbackWriteComplete */ = {
			isa = PBXGroup;
			children = (
				EE465EF12E2631840096109A /* FeedbackWriteCompleteView.swift */,
			);
			path = FeedbackWriteComplete;
			sourceTree = "<group>";
		};
		ECC980AD2E290DC4004A483B /* Frameworks */ = {
			isa = PBXGroup;
			children = (
			);
			name = Frameworks;
			sourceTree = "<group>";
		};
		EE35D54A2E2E01B8008F6A71 /* CommonViewModel */ = {
			isa = PBXGroup;
			children = (
				EE41FEE82E2259310002E595 /* UserViewModel.swift */,
				EEE689192E2A2CF00008012D /* NotificationViewModel.swift */,
				EEA0BBB52E2D41C6009A25D8 /* DeepLinkViewModel.swift */,
			);
			path = CommonViewModel;
			sourceTree = "<group>";
		};
		EE41FD7E2E223D180002E595 /* InputCode */ = {
			isa = PBXGroup;
			children = (
				EE41FD812E223D720002E595 /* InputCodeView.swift */,
				EE465F052E27B23D0096109A /* InputCodeViewModel.swift */,
			);
			path = InputCode;
			sourceTree = "<group>";
		};
		EE465EFA2E26508E0096109A /* Main */ = {
			isa = PBXGroup;
			children = (
				EE465EFB2E2650970096109A /* MainView.swift */,
			);
			path = Main;
			sourceTree = "<group>";
		};
		EE465F002E2651000096109A /* SubView */ = {
			isa = PBXGroup;
			children = (
				EE61A4312E3360810079E7A6 /* ChannelList+HeaderView.swift */,
				EE78992E2E39ED4A00EC671C /* ChannelList+GridView.swift */,
				EE465F012E2651070096109A /* ChannelList+ListItemView.swift */,
				EE78992A2E39E0A800EC671C /* ChannelList+ListEmptyView.swift */,
				EE7899302E39EE3100EC671C /* ChannelList+bottomView.swift */,
				EE78992C2E39ECA000EC671C /* ChannelList+GuideToastView.swift */,
			);
			path = SubView;
			sourceTree = "<group>";
		};
		EE7899322E39F96B00EC671C /* SubView */ = {
			isa = PBXGroup;
			children = (
				EE7899352E39FADC00EC671C /* ChannelCreateComplete+ShareView.swift */,
				EE7899332E39F97400EC671C /* ChannelCreateComplete+ContentView.swift */,
			);
			path = SubView;
			sourceTree = "<group>";
		};
		EE7F0DAA2E3508ED00B1C122 /* SubViews */ = {
			isa = PBXGroup;
			children = (
				EE7F0DAF2E35D7D000B1C122 /* FeedbackWrite+HeaderView.swift */,
				EE7F0DAC2E35092A00B1C122 /* FeedbackWrite+ContentView.swift */,
				EE1BA9572E35F8880087E934 /* FeedbackWrite+WriteView.swift */,
				EE1BA95B2E36825D0087E934 /* FeedbackWrite+InfoView.swift */,
			);
			path = SubViews;
			sourceTree = "<group>";
		};
		EE82DF992E24D5B500EC1AFF /* ChannelCreate */ = {
			isa = PBXGroup;
			children = (
				0D7BFA282E3378CB0056C579 /* SubView */,
				EE82DF9A2E24D5C900EC1AFF /* ChannelCreateView.swift */,
				EE82DF9C2E24D5D400EC1AFF /* ChannelCreateViewModel.swift */,
			);
			path = ChannelCreate;
			sourceTree = "<group>";
		};
		EE82DF9E2E24D5FC00EC1AFF /* ChannelCreateComplete */ = {
			isa = PBXGroup;
			children = (
				EE7899322E39F96B00EC671C /* SubView */,
				EE465EF72E2632B20096109A /* ChannelCreateCompleteView.swift */,
				EE82DF9F2E24D63A00EC1AFF /* ChannelCreateCompleteViewModel.swift */,
			);
			path = ChannelCreateComplete;
			sourceTree = "<group>";
		};
		EE856A1D2E1CD093006820B9 = {
			isa = PBXGroup;
			children = (
				EE3754AE2E1D7B36009AD262 /* .swiftlint.yml */,
				EE856A372E1CD0F6006820B9 /* GimiFeedback */,
				EC233F8E2F109DEA001A38E4 /* GimiFeedbackTests */,
				ECC980AD2E290DC4004A483B /* Frameworks */,
				EE856A272E1CD093006820B9 /* Products */,
			);
			sourceTree = "<group>";
		};
		EE856A272E1CD093006820B9 /* Products */ = {
			isa = PBXGroup;
			children = (
				EE856A262E1CD093006820B9 /* GimiFeedback.app */,
				EC233F8D2F109DEA001A38E4 /* GimiFeedbackTests.xctest */,
			);
			name = Products;
			sourceTree = "<group>";
		};
		EE856A372E1CD0F6006820B9 /* GimiFeedback */ = {
			isa = PBXGroup;
			children = (
				EEFEBF592E4B7EFB001D824D /* AI */,
				EE856A3B2E1CD0FC006820B9 /* App */,
				EC92DF3B2F0F6FEE00D1AB81 /* Domain */,
				EC92DF4E2F0F70A300D1AB81 /* Platform */,
				EE856A3C2E1CD102006820B9 /* Presentation */,
				EE856A412E1CD13E006820B9 /* Resources */,
				EE856A402E1CD129006820B9 /* Util */,
			);
			path = GimiFeedback;
			sourceTree = "<group>";
		};
		EE856A3B2E1CD0FC006820B9 /* App */ = {
			isa = PBXGroup;
			children = (
				EE3755492E1E5BB9009AD262 /* AppDelegate.swift */,
				EE856A342E1CD0F6006820B9 /* GimiFeedbackApp.swift */,
				EE41FEE12E22511D0002E595 /* Info.plist */,
				EEDBB1B62E28D2E900F16407 /* GimiFeedback.entitlements */,
				ECF597A62F0D66660012BB18 /* GoogleService-Info.plist */,
				EE41FEE42E2256280002E595 /* Config.xcconfig */,
			);
			path = App;
			sourceTree = "<group>";
		};
		EE856A3C2E1CD102006820B9 /* Presentation */ = {
			isa = PBXGroup;
			children = (
				EEC047172E2E1CF900918BAA /* Components */,
				EE35D54A2E2E01B8008F6A71 /* CommonViewModel */,
				EE856A4F2E1CD401006820B9 /* Start */,
				EEC04A002E326B3500918BAA /* InputNickName */,
				EE41FD7E2E223D180002E595 /* InputCode */,
				EE465EFA2E26508E0096109A /* Main */,
				EE856A522E1CD41C006820B9 /* ChannelList */,
				EC9959B12E24E646001555B1 /* ChannelDetail */,
				EE82DF992E24D5B500EC1AFF /* ChannelCreate */,
				EE82DF9E2E24D5FC00EC1AFF /* ChannelCreateComplete */,
				EC9959B52E251368001555B1 /* ChannelEdit */,
				EC9959B82E251453001555B1 /* FeedbackDetail */,
				EC9959BB2E2518AF001555B1 /* FeedbackWrite */,
				EC9959BE2E2518BE001555B1 /* FeedbackWriteComplete */,
				EE856A532E1CE5B0006820B9 /* ViewModelable.swift */,
			);
			path = Presentation;
			sourceTree = "<group>";
		};
		EE856A3E2E1CD111006820B9 /* Entity */ = {
			isa = PBXGroup;
			children = (
				EE3755402E1E1102009AD262 /* FeedbackChannel.swift */,
				EE856A482E1CD2D1006820B9 /* Feedback.swift */,
				EE37553E2E1E10F5009AD262 /* FeedbackContent.swift */,
				EE37553C2E1E10DF009AD262 /* FeedbackContentType.swift */,
				EC7CBBE92E38DCC8008A9CF4 /* FeedbackCardState.swift */,
				EEDBB1B92E28DA9100F16407 /* User.swift */,
				EC92DF3E2F0F707100D1AB81 /* Common */,
			);
			path = Entity;
			sourceTree = "<group>";
		};
		EE856A402E1CD129006820B9 /* Util */ = {
			isa = PBXGroup;
			children = (
				EE856A452E1CD258006820B9 /* Enums */,
				EE856A422E1CD22B006820B9 /* Extension */,
				EE856CA52E1D6D28006820B9 /* Navigation */,
			);
			path = Util;
			sourceTree = "<group>";
		};
		EE856A412E1CD13E006820B9 /* Resources */ = {
			isa = PBXGroup;
			children = (
				EEA0BD0F2E2DF6D2009A25D8 /* Fonts */,
				EE856A352E1CD0F6006820B9 /* Assets.xcassets */,
			);
			path = Resources;
			sourceTree = "<group>";
		};
		EE856A422E1CD22B006820B9 /* Extension */ = {
			isa = PBXGroup;
			children = (
				EEC04A012E33522700918BAA /* View+Extension.swift */,
				EC6A4CA42E350B720087DB5C /* Spicy+Extension.swift */,
				EE41FEE62E2257260002E595 /* Bundle+Extension.swift */,
				EE37582B2E1F80F1009AD262 /* Encodable+Extension.swift */,
				EE856A432E1CD23E006820B9 /* Color+Extension.swift */,
				EC9959AB2E23EF1B001555B1 /* Date+Extension.swift */,
				EC6A4CA22E34DBCC0087DB5C /* UserDefaults+Extension.swift */,
			);
			path = Extension;
			sourceTree = "<group>";
		};
		EE856A452E1CD258006820B9 /* Enums */ = {
			isa = PBXGroup;
			children = (
				EE856A462E1CD2AA006820B9 /* Font+Extension.swift */,
			);
			path = Enums;
			sourceTree = "<group>";
		};
		EE856A4F2E1CD401006820B9 /* Start */ = {
			isa = PBXGroup;
			children = (
				EE856A5A2E1CEA98006820B9 /* StartView.swift */,
			);
			path = Start;
			sourceTree = "<group>";
		};
		EE856A522E1CD41C006820B9 /* ChannelList */ = {
			isa = PBXGroup;
			children = (
				EE465F002E2651000096109A /* SubView */,
				EE856A502E1CD409006820B9 /* ChannelListView.swift */,
				EE856A552E1CE5FF006820B9 /* ChannelListViewModel.swift */,
			);
			path = ChannelList;
			sourceTree = "<group>";
		};
		EE856CA52E1D6D28006820B9 /* Navigation */ = {
			isa = PBXGroup;
			children = (
				EE856CA62E1D6D31006820B9 /* NavigationRouter.swift */,
				EE856CA82E1D6D6A006820B9 /* NavigationDestination.swift */,
				EEB902CE2E260C6700C71DF9 /* StartNavigationRoutingView.swift */,
				EE465EEB2E262ECA0096109A /* MainNavigationRoutingView.swift */,
			);
			path = Navigation;
			sourceTree = "<group>";
		};
		EEA0BD0F2E2DF6D2009A25D8 /* Fonts */ = {
			isa = PBXGroup;
			children = (
				EEA0BD102E2DF6E2009A25D8 /* SUIT-Variable.ttf */,
			);
			path = Fonts;
			sourceTree = "<group>";
		};
		EEC047172E2E1CF900918BAA /* Components */ = {
			isa = PBXGroup;
			children = (
				EE1BA9652E388D260087E934 /* LoadingView.swift */,
				EE1BA95F2E37A3CE0087E934 /* TopRoundedShape.swift */,
				EEC048742E2E914800918BAA /* SpeechView.swift */,
				EE82C6162E35F80D0081B845 /* SplitView.swift */,
				EC6A4CA02E34D5660087DB5C /* ToastView.swift */,
				EEC047192E2E1D3A00918BAA /* GimiButtonStyle.swift */,
				EEC048772E2FAE7900918BAA /* GimiTextFieldStyle.swift */,
				EEC048722E2E330D00918BAA /* GimiTextEditorModifier.swift */,
				EEC048702E2E1E6100918BAA /* CustomNaviModifier.swift */,
				EE61A4332E33614F0079E7A6 /* CustomPaddingModifier.swift */,
			);
			path = Components;
			sourceTree = "<group>";
		};
		EEC04A002E326B3500918BAA /* InputNickName */ = {
			isa = PBXGroup;
			children = (
				EE41FD7C2E223CFD0002E595 /* InputNickNameView.swift */,
			);
			path = InputNickName;
			sourceTree = "<group>";
		};
		EEFEBF592E4B7EFB001D824D /* AI */ = {
			isa = PBXGroup;
			children = (
				EC371D822E55E99C008E4AB7 /* LLM */,
				D30602832E377E9700908D1D /* MLModel */,
				D30602892E377EA100908D1D /* MLWeights */,
			);
			path = AI;
			sourceTree = "<group>";
		};
/* End PBXGroup section */

/* Begin PBXNativeTarget section */
		EC233F8C2F109DEA001A38E4 /* GimiFeedbackTests */ = {
			isa = PBXNativeTarget;
			buildConfigurationList = EC233F932F109DEA001A38E4 /* Build configuration list for PBXNativeTarget "GimiFeedbackTests" */;
			buildPhases = (
				EC233F892F109DEA001A38E4 /* Sources */,
				EC233F8A2F109DEA001A38E4 /* Frameworks */,
				EC233F8B2F109DEA001A38E4 /* Resources */,
			);
			buildRules = (
			);
			dependencies = (
				EC233F922F109DEA001A38E4 /* PBXTargetDependency */,
			);
			fileSystemSynchronizedGroups = (
				EC233F8E2F109DEA001A38E4 /* GimiFeedbackTests */,
			);
			name = GimiFeedbackTests;
			packageProductDependencies = (
			);
			productName = GimiFeedbackTests;
			productReference = EC233F8D2F109DEA001A38E4 /* GimiFeedbackTests.xctest */;
			productType = "com.apple.product-type.bundle.unit-test";
		};
		EE856A252E1CD093006820B9 /* GimiFeedback */ = {
			isa = PBXNativeTarget;
			buildConfigurationList = EE856A312E1CD095006820B9 /* Build configuration list for PBXNativeTarget "GimiFeedback" */;
			buildPhases = (
				EE856A222E1CD093006820B9 /* Sources */,
				EE856A232E1CD093006820B9 /* Frameworks */,
				EE856A242E1CD093006820B9 /* Resources */,
			);
			buildRules = (
			);
			dependencies = (
				EE9743B22E1D7A58009B4C91 /* PBXTargetDependency */,
			);
			name = GimiFeedback;
			packageProductDependencies = (
				EE3755452E1E5B8D009AD262 /* FirebaseAuth */,
				EE3755472E1E5B8D009AD262 /* FirebaseFirestore */,
				EE41FEDB2E2250DF0002E595 /* KakaoSDKAuth */,
				EE41FEDD2E2250DF0002E595 /* KakaoSDKCommon */,
				EE41FEDF2E2250DF0002E595 /* KakaoSDKUser */,
				ECC980AE2E290DC4004A483B /* KakaoSDKShare */,
				ECC980B02E290DC4004A483B /* KakaoSDKTemplate */,
				EEDBB1B72E28D45700F16407 /* FirebaseMessaging */,
				EEDBB1BD2E2913CE00F16407 /* FirebaseFunctions */,
				D306027C2E377E8400908D1D /* Transformers */,
				EC371DC82E560D76008E4AB7 /* FirebaseAI */,
				EC25CC322E5975880087EC50 /* FirebaseAppCheck */,
			);
			productName = A10;
			productReference = EE856A262E1CD093006820B9 /* GimiFeedback.app */;
			productType = "com.apple.product-type.application";
		};
/* End PBXNativeTarget section */

/* Begin PBXProject section */
		EE856A1E2E1CD093006820B9 /* Project object */ = {
			isa = PBXProject;
			attributes = {
				BuildIndependentTargetsInParallel = 1;
				LastSwiftUpdateCheck = 2620;
				LastUpgradeCheck = 1640;
				TargetAttributes = {
					EC233F8C2F109DEA001A38E4 = {
						CreatedOnToolsVersion = 26.2;
						LastSwiftMigration = 2620;
						TestTargetID = EE856A252E1CD093006820B9;
					};
					EE856A252E1CD093006820B9 = {
						CreatedOnToolsVersion = 16.3;
					};
				};
			};
			buildConfigurationList = EE856A212E1CD093006820B9 /* Build configuration list for PBXProject "GimiFeedback" */;
			developmentRegion = en;
			hasScannedForEncodings = 0;
			knownRegions = (
				en,
				Base,
			);
			mainGroup = EE856A1D2E1CD093006820B9;
			minimizedProjectReferenceProxies = 1;
			packageReferences = (
				EE9743B02E1D7A06009B4C91 /* XCRemoteSwiftPackageReference "SwiftLintPlugins" */,
				EE3755442E1E5B8D009AD262 /* XCRemoteSwiftPackageReference "firebase-ios-sdk" */,
				EE41FEDA2E2250DF0002E595 /* XCRemoteSwiftPackageReference "kakao-ios-sdk" */,
				D306027B2E377E8400908D1D /* XCRemoteSwiftPackageReference "swift-transformers" */,
			);
			preferredProjectObjectVersion = 77;
			productRefGroup = EE856A272E1CD093006820B9 /* Products */;
			projectDirPath = "";
			projectRoot = "";
			targets = (
				EE856A252E1CD093006820B9 /* GimiFeedback */,
				EC233F8C2F109DEA001A38E4 /* GimiFeedbackTests */,
			);
		};
/* End PBXProject section */

/* Begin PBXResourcesBuildPhase section */
		EC233F8B2F109DEA001A38E4 /* Resources */ = {
			isa = PBXResourcesBuildPhase;
			buildActionMask = 2147483647;
			files = (
			);
			runOnlyForDeploymentPostprocessing = 0;
		};
		EE856A242E1CD093006820B9 /* Resources */ = {
			isa = PBXResourcesBuildPhase;
			buildActionMask = 2147483647;
			files = (
				EE3754AF2E1D7B36009AD262 /* .swiftlint.yml in Resources */,
				D36C43842E38A029006A027E /* TokenizerREADME.md in Resources */,
				EE856A382E1CD0F6006820B9 /* Assets.xcassets in Resources */,
				ECF597A72F0D66660012BB18 /* GoogleService-Info.plist in Resources */,
				D306028A2E377EA100908D1D /* MLREADME.md in Resources */,
				EE7898C22E38F8B800EC671C /* tokenizer_config.json in Resources */,
				EE7898C32E38F8B800EC671C /* tokenizer.json in Resources */,
				EEA0BD112E2DF6E2009A25D8 /* SUIT-Variable.ttf in Resources */,
			);
			runOnlyForDeploymentPostprocessing = 0;
		};
/* End PBXResourcesBuildPhase section */

/* Begin PBXSourcesBuildPhase section */
		EC233F892F109DEA001A38E4 /* Sources */ = {
			isa = PBXSourcesBuildPhase;
			buildActionMask = 2147483647;
			files = (
			);
			runOnlyForDeploymentPostprocessing = 0;
		};
		EE856A222E1CD093006820B9 /* Sources */ = {
			isa = PBXSourcesBuildPhase;
			buildActionMask = 2147483647;
			files = (
				EC92DF532F0F839C00D1AB81 /* ChannelRepository.swift in Sources */,
				EE1BA9582E35F8880087E934 /* FeedbackWrite+WriteView.swift in Sources */,
				EE7899342E39F98700EC671C /* ChannelCreateComplete+ContentView.swift in Sources */,
				EE78992F2E39ED5E00EC671C /* ChannelList+GridView.swift in Sources */,
				EEE6891A2E2A2CF50008012D /* NotificationViewModel.swift in Sources */,
				EC6A4C882E312A3B0087DB5C /* ChannelDetail+FeedbackListView.swift in Sources */,
				EEE689142E2944110008012D /* StartView.swift in Sources */,
				EEE689132E2943FB0008012D /* NavigationRouter.swift in Sources */,
				EE7899362E39FAE200EC671C /* ChannelCreateComplete+ShareView.swift in Sources */,
				EC92DF462F0F707100D1AB81 /* KakaoAuthManager.swift in Sources */,
				EC92DF472F0F707100D1AB81 /* FCMManager.swift in Sources */,
				EC92DF482F0F707100D1AB81 /* EntityRepresentable.swift in Sources */,
				EC92DF492F0F707100D1AB81 /* FirebaseAuthManager.swift in Sources */,
				EC92DF4A2F0F707100D1AB81 /* CollectionType.swift in Sources */,
				EC92DF4B2F0F707100D1AB81 /* FirestoreManager.swift in Sources */,
				EC92DF4C2F0F707100D1AB81 /* DeepLinkManager.swift in Sources */,
				EC92DF4D2F0F707100D1AB81 /* KakaoShareManager.swift in Sources */,
				EE41FEE92E2259350002E595 /* UserViewModel.swift in Sources */,
				EE61A4322E3360900079E7A6 /* ChannelList+HeaderView.swift in Sources */,
				EE82C6172E35F80D0081B845 /* SplitView.swift in Sources */,
				ECDF17282E2E618400964391 /* ChannelEditViewModel.swift in Sources */,
				EE7899312E39EE3D00EC671C /* ChannelList+bottomView.swift in Sources */,
				EE1BA9662E388D260087E934 /* LoadingView.swift in Sources */,
				EC6A4C992E336DA40087DB5C /* FeedbackDetail+FeedbackRowView.swift in Sources */,
				EC9959B22E24E646001555B1 /* ChannelDetailView.swift in Sources */,
				EE78992B2E39E0B600EC671C /* ChannelList+ListEmptyView.swift in Sources */,
				EC6A4C8A2E312D410087DB5C /* ChannelDetail+FeedbackRowView.swift in Sources */,
				0D7BFA2C2E34ED810056C579 /* ChannelCreateView+DescriptionView.swift in Sources */,
				EE61A4342E3361550079E7A6 /* CustomPaddingModifier.swift in Sources */,
				EE465EEE2E2630F20096109A /* ChannelEditView.swift in Sources */,
				EEA0BBB62E2D41C6009A25D8 /* DeepLinkViewModel.swift in Sources */,
				A020E2802E66B87C00305D2B /* KcELECTRA-base-v2022-int8.mlpackage in Sources */,
				EC9959B32E24E646001555B1 /* ChannelDetailViewModel.swift in Sources */,
				EC6A4C842E31284F0087DB5C /* ChannelDetail+DescriptionView.swift in Sources */,
				EC9959AC2E23EF1B001555B1 /* Date+Extension.swift in Sources */,
				EE465EF82E2632B20096109A /* ChannelCreateCompleteView.swift in Sources */,
				EC6A4C8D2E3227120087DB5C /* ChannelEdit+TitleView.swift in Sources */,
				EE465F022E26510A0096109A /* ChannelList+ListItemView.swift in Sources */,
				EC7CBBEE2E391551008A9CF4 /* ChannelDetail+ShareSheetView.swift in Sources */,
				EC9959BA2E25145B001555B1 /* FeedbackDetailView.swift in Sources */,
				EEC048752E2E916100918BAA /* SpeechView.swift in Sources */,
				EEC0471A2E2E1D3B00918BAA /* GimiButtonStyle.swift in Sources */,
				EC92E1042F1093D700D1AB81 /* FeedbackRepository.swift in Sources */,
				EE41FEE72E22572C0002E595 /* Bundle+Extension.swift in Sources */,
				EE41FD7D2E223D050002E595 /* InputNickNameView.swift in Sources */,
				EC6A4CA12E34D5660087DB5C /* ToastView.swift in Sources */,
				EE465EFC2E2650970096109A /* MainView.swift in Sources */,
				EE1BA9602E37A3D20087E934 /* TopRoundedShape.swift in Sources */,
				EE7F0DB02E35D7D000B1C122 /* FeedbackWrite+HeaderView.swift in Sources */,
				EEB902CF2E260C7100C71DF9 /* StartNavigationRoutingView.swift in Sources */,
				EE465EF22E2631840096109A /* FeedbackWriteCompleteView.swift in Sources */,
				EEDBB1BA2E28DA9200F16407 /* User.swift in Sources */,
				EE856A472E1CD2AD006820B9 /* Font+Extension.swift in Sources */,
				EE82DF9B2E24D5CD00EC1AFF /* ChannelCreateView.swift in Sources */,
				EC94C0FB2E37AAC40020E59D /* FeedbackDetail+ContentView.swift in Sources */,
				EC6A4C8F2E3227C40087DB5C /* ChannelEdit+ContentView.swift in Sources */,
				EEC048782E2FAE8100918BAA /* GimiTextFieldStyle.swift in Sources */,
				EE856A392E1CD0F6006820B9 /* GimiFeedbackApp.swift in Sources */,
				EC92DF552F0F88BB00D1AB81 /* ChannelService.swift in Sources */,
				EC94C0F92E37AAAC0020E59D /* FeedbackDetail+CoverView.swift in Sources */,
				EE41FD822E223D720002E595 /* InputCodeView.swift in Sources */,
				EE7F0DAD2E35092A00B1C122 /* FeedbackWrite+ContentView.swift in Sources */,
				EE82DFA22E24D63A00EC1AFF /* ChannelCreateCompleteViewModel.swift in Sources */,
				EE465EEC2E262EDB0096109A /* MainNavigationRoutingView.swift in Sources */,
				EE856A562E1CE604006820B9 /* ChannelListViewModel.swift in Sources */,
				0DC2A3D52E263E1500FF91BC /* FeedbackDetailViewModel.swift in Sources */,
				EC7CBBEA2E38DCC8008A9CF4 /* FeedbackCardState.swift in Sources */,
				EC6A4C9B2E336DC80087DB5C /* FeedbackDetail+SectionView.swift in Sources */,
				EE37582C2E1F80F3009AD262 /* Encodable+Extension.swift in Sources */,
				EE856A542E1CE5B8006820B9 /* ViewModelable.swift in Sources */,
				EC6A4CA32E34DBCC0087DB5C /* UserDefaults+Extension.swift in Sources */,
				EEC048712E2E1E6100918BAA /* CustomNaviModifier.swift in Sources */,
				EC6A4CA52E350B720087DB5C /* Spicy+Extension.swift in Sources */,
				EE37553D2E1E10EA009AD262 /* FeedbackContentType.swift in Sources */,
				EE37554A2E1E5BBD009AD262 /* AppDelegate.swift in Sources */,
				EC371D842E55E9AA008E4AB7 /* GeminiManger.swift in Sources */,
				EE3755412E1E1105009AD262 /* FeedbackChannel.swift in Sources */,
				EE37553F2E1E10F9009AD262 /* FeedbackContent.swift in Sources */,
				EE82DF9D2E24D5DA00EC1AFF /* ChannelCreateViewModel.swift in Sources */,
				EC6A4C9D2E34A67E0087DB5C /* FeedbackDetail+DescriptionView.swift in Sources */,
				EEC048732E2E331400918BAA /* GimiTextEditorModifier.swift in Sources */,
				EEC04A022E3352A000918BAA /* View+Extension.swift in Sources */,
				0D7BFA2A2E3378E40056C579 /* ChannelCreateView+TitleView.swift in Sources */,
				EC94C0F32E3746130020E59D /* GPTManger.swift in Sources */,
				EE1BA95C2E3682640087E934 /* FeedbackWrite+InfoView.swift in Sources */,
				EE856CA92E1D6D6C006820B9 /* NavigationDestination.swift in Sources */,
				EE856A492E1CD2D7006820B9 /* Feedback.swift in Sources */,
				EE856A512E1CD418006820B9 /* ChannelListView.swift in Sources */,
				EC92E1062F1097BD00D1AB81 /* FeedbackService.swift in Sources */,
				EE78992D2E39ECAF00EC671C /* ChannelList+GuideToastView.swift in Sources */,
				EC6A4C862E3129300087DB5C /* ChannelDetail+EmptyFeedbackView.swift in Sources */,
				EE856A442E1CD244006820B9 /* Color+Extension.swift in Sources */,
				EC7CBBEC2E3914FE008A9CF4 /* ChannelDetail+ShareButtonView.swift in Sources */,
				D306028D2E377EC500908D1D /* FeedbackWriteView.swift in Sources */,
				D306028E2E377EC500908D1D /* FeedbackWriteViewModel.swift in Sources */,
				EE465F062E27B2420096109A /* InputCodeViewModel.swift in Sources */,
				D30602862E377E9700908D1D /* EncoderTokenizer.swift in Sources */,
				D30602872E377E9700908D1D /* EncoderModel.swift in Sources */,
			);
			runOnlyForDeploymentPostprocessing = 0;
		};
/* End PBXSourcesBuildPhase section */

/* Begin PBXTargetDependency section */
		EC233F922F109DEA001A38E4 /* PBXTargetDependency */ = {
			isa = PBXTargetDependency;
			target = EE856A252E1CD093006820B9 /* GimiFeedback */;
			targetProxy = EC233F912F109DEA001A38E4 /* PBXContainerItemProxy */;
		};
		EE9743B22E1D7A58009B4C91 /* PBXTargetDependency */ = {
			isa = PBXTargetDependency;
			productRef = EE9743B12E1D7A58009B4C91 /* SwiftLintBuildToolPlugin */;
		};
/* End PBXTargetDependency section */

/* Begin XCBuildConfiguration section */
		EC233F942F109DEA001A38E4 /* Debug */ = {
			isa = XCBuildConfiguration;
			buildSettings = {
				BUNDLE_LOADER = "$(TEST_HOST)";
				CLANG_ENABLE_MODULES = YES;
				CODE_SIGN_STYLE = Automatic;
				CURRENT_PROJECT_VERSION = 1;
				DEVELOPMENT_TEAM = D22ZM93S77;
				GENERATE_INFOPLIST_FILE = YES;
				IPHONEOS_DEPLOYMENT_TARGET = 18.0;
				MARKETING_VERSION = 1.0;
				PRODUCT_BUNDLE_IDENTIFIER = com.luke.GimiFeedbackTests;
				PRODUCT_NAME = "$(TARGET_NAME)";
				STRING_CATALOG_GENERATE_SYMBOLS = NO;
				SUPPORTED_PLATFORMS = "iphoneos iphonesimulator";
				SUPPORTS_MACCATALYST = NO;
				SUPPORTS_MAC_DESIGNED_FOR_IPHONE_IPAD = NO;
				SUPPORTS_XR_DESIGNED_FOR_IPHONE_IPAD = NO;
				SWIFT_APPROACHABLE_CONCURRENCY = YES;
				SWIFT_EMIT_LOC_STRINGS = NO;
				SWIFT_OBJC_BRIDGING_HEADER = "GimiFeedbackTests/GimiFeedbackTests-Bridging-Header.h";
				SWIFT_OPTIMIZATION_LEVEL = "-Onone";
				SWIFT_UPCOMING_FEATURE_MEMBER_IMPORT_VISIBILITY = YES;
				SWIFT_VERSION = 5.0;
				TARGETED_DEVICE_FAMILY = 1;
				TEST_HOST = "$(BUILT_PRODUCTS_DIR)/GimiFeedback.app/$(BUNDLE_EXECUTABLE_FOLDER_PATH)/GimiFeedback";
			};
			name = Debug;
		};
		EC233F952F109DEA001A38E4 /* Release */ = {
			isa = XCBuildConfiguration;
			buildSettings = {
				BUNDLE_LOADER = "$(TEST_HOST)";
				CLANG_ENABLE_MODULES = YES;
				CODE_SIGN_STYLE = Automatic;
				CURRENT_PROJECT_VERSION = 1;
				DEVELOPMENT_TEAM = D22ZM93S77;
				GENERATE_INFOPLIST_FILE = YES;
				IPHONEOS_DEPLOYMENT_TARGET = 18.0;
				MARKETING_VERSION = 1.0;
				PRODUCT_BUNDLE_IDENTIFIER = com.luke.GimiFeedbackTests;
				PRODUCT_NAME = "$(TARGET_NAME)";
				STRING_CATALOG_GENERATE_SYMBOLS = NO;
				SUPPORTED_PLATFORMS = "iphoneos iphonesimulator";
				SUPPORTS_MACCATALYST = NO;
				SUPPORTS_MAC_DESIGNED_FOR_IPHONE_IPAD = NO;
				SUPPORTS_XR_DESIGNED_FOR_IPHONE_IPAD = NO;
				SWIFT_APPROACHABLE_CONCURRENCY = YES;
				SWIFT_EMIT_LOC_STRINGS = NO;
				SWIFT_OBJC_BRIDGING_HEADER = "GimiFeedbackTests/GimiFeedbackTests-Bridging-Header.h";
				SWIFT_UPCOMING_FEATURE_MEMBER_IMPORT_VISIBILITY = YES;
				SWIFT_VERSION = 5.0;
				TARGETED_DEVICE_FAMILY = 1;
				TEST_HOST = "$(BUILT_PRODUCTS_DIR)/GimiFeedback.app/$(BUNDLE_EXECUTABLE_FOLDER_PATH)/GimiFeedback";
			};
			name = Release;
		};
		EE856A2F2E1CD095006820B9 /* Debug */ = {
			isa = XCBuildConfiguration;
			baseConfigurationReference = EE41FEE42E2256280002E595 /* Config.xcconfig */;
			buildSettings = {
				ALWAYS_SEARCH_USER_PATHS = NO;
				ASSETCATALOG_COMPILER_GENERATE_SWIFT_ASSET_SYMBOL_EXTENSIONS = YES;
				CLANG_ANALYZER_NONNULL = YES;
				CLANG_ANALYZER_NUMBER_OBJECT_CONVERSION = YES_AGGRESSIVE;
				CLANG_CXX_LANGUAGE_STANDARD = "gnu++20";
				CLANG_ENABLE_MODULES = YES;
				CLANG_ENABLE_OBJC_ARC = YES;
				CLANG_ENABLE_OBJC_WEAK = YES;
				CLANG_WARN_BLOCK_CAPTURE_AUTORELEASING = YES;
				CLANG_WARN_BOOL_CONVERSION = YES;
				CLANG_WARN_COMMA = YES;
				CLANG_WARN_CONSTANT_CONVERSION = YES;
				CLANG_WARN_DEPRECATED_OBJC_IMPLEMENTATIONS = YES;
				CLANG_WARN_DIRECT_OBJC_ISA_USAGE = YES_ERROR;
				CLANG_WARN_DOCUMENTATION_COMMENTS = YES;
				CLANG_WARN_EMPTY_BODY = YES;
				CLANG_WARN_ENUM_CONVERSION = YES;
				CLANG_WARN_INFINITE_RECURSION = YES;
				CLANG_WARN_INT_CONVERSION = YES;
				CLANG_WARN_NON_LITERAL_NULL_CONVERSION = YES;
				CLANG_WARN_OBJC_IMPLICIT_RETAIN_SELF = YES;
				CLANG_WARN_OBJC_LITERAL_CONVERSION = YES;
				CLANG_WARN_OBJC_ROOT_CLASS = YES_ERROR;
				CLANG_WARN_QUOTED_INCLUDE_IN_FRAMEWORK_HEADER = YES;
				CLANG_WARN_RANGE_LOOP_ANALYSIS = YES;
				CLANG_WARN_STRICT_PROTOTYPES = YES;
				CLANG_WARN_SUSPICIOUS_MOVE = YES;
				CLANG_WARN_UNGUARDED_AVAILABILITY = YES_AGGRESSIVE;
				CLANG_WARN_UNREACHABLE_CODE = YES;
				CLANG_WARN__DUPLICATE_METHOD_MATCH = YES;
				COPY_PHASE_STRIP = NO;
				DEBUG_INFORMATION_FORMAT = dwarf;
				DEVELOPMENT_TEAM = 34X3BT977M;
				ENABLE_STRICT_OBJC_MSGSEND = YES;
				ENABLE_TESTABILITY = YES;
				ENABLE_USER_SCRIPT_SANDBOXING = YES;
				GCC_C_LANGUAGE_STANDARD = gnu17;
				GCC_DYNAMIC_NO_PIC = NO;
				GCC_NO_COMMON_BLOCKS = YES;
				GCC_OPTIMIZATION_LEVEL = 0;
				GCC_PREPROCESSOR_DEFINITIONS = (
					"DEBUG=1",
					"$(inherited)",
				);
				GCC_WARN_64_TO_32_BIT_CONVERSION = YES;
				GCC_WARN_ABOUT_RETURN_TYPE = YES_ERROR;
				GCC_WARN_UNDECLARED_SELECTOR = YES;
				GCC_WARN_UNINITIALIZED_AUTOS = YES_AGGRESSIVE;
				GCC_WARN_UNUSED_FUNCTION = YES;
				GCC_WARN_UNUSED_VARIABLE = YES;
				IPHONEOS_DEPLOYMENT_TARGET = 18.0;
				LOCALIZATION_PREFERS_STRING_CATALOGS = YES;
				MTL_ENABLE_DEBUG_INFO = INCLUDE_SOURCE;
				MTL_FAST_MATH = YES;
				ONLY_ACTIVE_ARCH = YES;
				SDKROOT = iphoneos;
				SWIFT_ACTIVE_COMPILATION_CONDITIONS = "DEBUG $(inherited)";
				SWIFT_OPTIMIZATION_LEVEL = "-Onone";
			};
			name = Debug;
		};
		EE856A302E1CD095006820B9 /* Release */ = {
			isa = XCBuildConfiguration;
			baseConfigurationReference = EE41FEE42E2256280002E595 /* Config.xcconfig */;
			buildSettings = {
				ALWAYS_SEARCH_USER_PATHS = NO;
				ASSETCATALOG_COMPILER_GENERATE_SWIFT_ASSET_SYMBOL_EXTENSIONS = YES;
				CLANG_ANALYZER_NONNULL = YES;
				CLANG_ANALYZER_NUMBER_OBJECT_CONVERSION = YES_AGGRESSIVE;
				CLANG_CXX_LANGUAGE_STANDARD = "gnu++20";
				CLANG_ENABLE_MODULES = YES;
				CLANG_ENABLE_OBJC_ARC = YES;
				CLANG_ENABLE_OBJC_WEAK = YES;
				CLANG_WARN_BLOCK_CAPTURE_AUTORELEASING = YES;
				CLANG_WARN_BOOL_CONVERSION = YES;
				CLANG_WARN_COMMA = YES;
				CLANG_WARN_CONSTANT_CONVERSION = YES;
				CLANG_WARN_DEPRECATED_OBJC_IMPLEMENTATIONS = YES;
				CLANG_WARN_DIRECT_OBJC_ISA_USAGE = YES_ERROR;
				CLANG_WARN_DOCUMENTATION_COMMENTS = YES;
				CLANG_WARN_EMPTY_BODY = YES;
				CLANG_WARN_ENUM_CONVERSION = YES;
				CLANG_WARN_INFINITE_RECURSION = YES;
				CLANG_WARN_INT_CONVERSION = YES;
				CLANG_WARN_NON_LITERAL_NULL_CONVERSION = YES;
				CLANG_WARN_OBJC_IMPLICIT_RETAIN_SELF = YES;
				CLANG_WARN_OBJC_LITERAL_CONVERSION = YES;
				CLANG_WARN_OBJC_ROOT_CLASS = YES_ERROR;
				CLANG_WARN_QUOTED_INCLUDE_IN_FRAMEWORK_HEADER = YES;
				CLANG_WARN_RANGE_LOOP_ANALYSIS = YES;
				CLANG_WARN_STRICT_PROTOTYPES = YES;
				CLANG_WARN_SUSPICIOUS_MOVE = YES;
				CLANG_WARN_UNGUARDED_AVAILABILITY = YES_AGGRESSIVE;
				CLANG_WARN_UNREACHABLE_CODE = YES;
				CLANG_WARN__DUPLICATE_METHOD_MATCH = YES;
				COPY_PHASE_STRIP = NO;
				DEBUG_INFORMATION_FORMAT = "dwarf-with-dsym";
				DEVELOPMENT_TEAM = 34X3BT977M;
				ENABLE_NS_ASSERTIONS = NO;
				ENABLE_STRICT_OBJC_MSGSEND = YES;
				ENABLE_USER_SCRIPT_SANDBOXING = YES;
				GCC_C_LANGUAGE_STANDARD = gnu17;
				GCC_NO_COMMON_BLOCKS = YES;
				GCC_WARN_64_TO_32_BIT_CONVERSION = YES;
				GCC_WARN_ABOUT_RETURN_TYPE = YES_ERROR;
				GCC_WARN_UNDECLARED_SELECTOR = YES;
				GCC_WARN_UNINITIALIZED_AUTOS = YES_AGGRESSIVE;
				GCC_WARN_UNUSED_FUNCTION = YES;
				GCC_WARN_UNUSED_VARIABLE = YES;
				IPHONEOS_DEPLOYMENT_TARGET = 18.0;
				LOCALIZATION_PREFERS_STRING_CATALOGS = YES;
				MTL_ENABLE_DEBUG_INFO = NO;
				MTL_FAST_MATH = YES;
				SDKROOT = iphoneos;
				SWIFT_COMPILATION_MODE = wholemodule;
				VALIDATE_PRODUCT = YES;
			};
			name = Release;
		};
		EE856A322E1CD095006820B9 /* Debug */ = {
			isa = XCBuildConfiguration;
			buildSettings = {
				ALLOW_TARGET_PLATFORM_SPECIALIZATION = YES;
				ASSETCATALOG_COMPILER_APPICON_NAME = AppIcon;
				ASSETCATALOG_COMPILER_GLOBAL_ACCENT_COLOR_NAME = AccentColor;
				CODE_SIGN_ENTITLEMENTS = GimiFeedback/App/GimiFeedback.entitlements;
				CODE_SIGN_IDENTITY = "Apple Development";
				CODE_SIGN_STYLE = Automatic;
				CURRENT_PROJECT_VERSION = 0.9;
				DEVELOPMENT_TEAM = D22ZM93S77;
				ENABLE_PREVIEWS = YES;
				ENABLE_USER_SCRIPT_SANDBOXING = NO;
				GENERATE_INFOPLIST_FILE = YES;
				INFOPLIST_FILE = GimiFeedback/App/Info.plist;
				INFOPLIST_KEY_CFBundleDisplayName = "기미피드백";
				INFOPLIST_KEY_LSApplicationCategoryType = "public.app-category.education";
				INFOPLIST_KEY_UIApplicationSceneManifest_Generation = YES;
				INFOPLIST_KEY_UIApplicationSupportsIndirectInputEvents = YES;
				INFOPLIST_KEY_UILaunchScreen_Generation = YES;
				INFOPLIST_KEY_UIStatusBarHidden = NO;
				INFOPLIST_KEY_UIStatusBarStyle = "";
				INFOPLIST_KEY_UISupportedInterfaceOrientations = UIInterfaceOrientationPortrait;
				INFOPLIST_KEY_UISupportedInterfaceOrientations_iPad = "UIInterfaceOrientationLandscapeLeft UIInterfaceOrientationLandscapeRight UIInterfaceOrientationPortrait UIInterfaceOrientationPortraitUpsideDown";
				IPHONEOS_DEPLOYMENT_TARGET = 18.0;
				LD_RUNPATH_SEARCH_PATHS = (
					"$(inherited)",
					"@executable_path/Frameworks",
				);
				MARKETING_VERSION = 0.9;
				PRODUCT_BUNDLE_IDENTIFIER = com.seungchan.gimifeedback2;
				PRODUCT_NAME = "$(TARGET_NAME)";
				PROVISIONING_PROFILE_SPECIFIER = "";
				SUPPORTED_PLATFORMS = "iphoneos iphonesimulator";
				SUPPORTS_MACCATALYST = NO;
				SUPPORTS_MAC_DESIGNED_FOR_IPHONE_IPAD = NO;
				SUPPORTS_XR_DESIGNED_FOR_IPHONE_IPAD = NO;
				SWIFT_EMIT_LOC_STRINGS = YES;
				SWIFT_VERSION = 5.0;
				TARGETED_DEVICE_FAMILY = 1;
			};
			name = Debug;
		};
		EE856A332E1CD095006820B9 /* Release */ = {
			isa = XCBuildConfiguration;
			buildSettings = {
				ALLOW_TARGET_PLATFORM_SPECIALIZATION = YES;
				ASSETCATALOG_COMPILER_APPICON_NAME = AppIcon;
				ASSETCATALOG_COMPILER_GLOBAL_ACCENT_COLOR_NAME = AccentColor;
				CODE_SIGN_ENTITLEMENTS = GimiFeedback/App/GimiFeedback.entitlements;
				CODE_SIGN_IDENTITY = "Apple Development";
				CODE_SIGN_STYLE = Automatic;
				CURRENT_PROJECT_VERSION = 0.9;
				DEVELOPMENT_TEAM = D22ZM93S77;
				ENABLE_PREVIEWS = YES;
				ENABLE_USER_SCRIPT_SANDBOXING = NO;
				GENERATE_INFOPLIST_FILE = YES;
				INFOPLIST_FILE = GimiFeedback/App/Info.plist;
				INFOPLIST_KEY_CFBundleDisplayName = "기미피드백";
				INFOPLIST_KEY_LSApplicationCategoryType = "public.app-category.education";
				INFOPLIST_KEY_UIApplicationSceneManifest_Generation = YES;
				INFOPLIST_KEY_UIApplicationSupportsIndirectInputEvents = YES;
				INFOPLIST_KEY_UILaunchScreen_Generation = YES;
				INFOPLIST_KEY_UIStatusBarHidden = NO;
				INFOPLIST_KEY_UIStatusBarStyle = "";
				INFOPLIST_KEY_UISupportedInterfaceOrientations = UIInterfaceOrientationPortrait;
				INFOPLIST_KEY_UISupportedInterfaceOrientations_iPad = "UIInterfaceOrientationLandscapeLeft UIInterfaceOrientationLandscapeRight UIInterfaceOrientationPortrait UIInterfaceOrientationPortraitUpsideDown";
				IPHONEOS_DEPLOYMENT_TARGET = 18.0;
				LD_RUNPATH_SEARCH_PATHS = (
					"$(inherited)",
					"@executable_path/Frameworks",
				);
				MARKETING_VERSION = 0.9;
				PRODUCT_BUNDLE_IDENTIFIER = com.seungchan.gimifeedback2;
				PRODUCT_NAME = "$(TARGET_NAME)";
				PROVISIONING_PROFILE_SPECIFIER = "";
				SUPPORTED_PLATFORMS = "iphoneos iphonesimulator";
				SUPPORTS_MACCATALYST = NO;
				SUPPORTS_MAC_DESIGNED_FOR_IPHONE_IPAD = NO;
				SUPPORTS_XR_DESIGNED_FOR_IPHONE_IPAD = NO;
				SWIFT_EMIT_LOC_STRINGS = YES;
				SWIFT_VERSION = 5.0;
				TARGETED_DEVICE_FAMILY = 1;
			};
			name = Release;
		};
/* End XCBuildConfiguration section */

/* Begin XCConfigurationList section */
		EC233F932F109DEA001A38E4 /* Build configuration list for PBXNativeTarget "GimiFeedbackTests" */ = {
			isa = XCConfigurationList;
			buildConfigurations = (
				EC233F942F109DEA001A38E4 /* Debug */,
				EC233F952F109DEA001A38E4 /* Release */,
			);
			defaultConfigurationIsVisible = 0;
			defaultConfigurationName = Release;
		};
		EE856A212E1CD093006820B9 /* Build configuration list for PBXProject "GimiFeedback" */ = {
			isa = XCConfigurationList;
			buildConfigurations = (
				EE856A2F2E1CD095006820B9 /* Debug */,
				EE856A302E1CD095006820B9 /* Release */,
			);
			defaultConfigurationIsVisible = 0;
			defaultConfigurationName = Release;
		};
		EE856A312E1CD095006820B9 /* Build configuration list for PBXNativeTarget "GimiFeedback" */ = {
			isa = XCConfigurationList;
			buildConfigurations = (
				EE856A322E1CD095006820B9 /* Debug */,
				EE856A332E1CD095006820B9 /* Release */,
			);
			defaultConfigurationIsVisible = 0;
			defaultConfigurationName = Release;
		};
/* End XCConfigurationList section */

/* Begin XCRemoteSwiftPackageReference section */
		D306027B2E377E8400908D1D /* XCRemoteSwiftPackageReference "swift-transformers" */ = {
			isa = XCRemoteSwiftPackageReference;
			repositoryURL = "https://github.com/huggingface/swift-transformers";
			requirement = {
				kind = upToNextMajorVersion;
				minimumVersion = 0.1.22;
			};
		};
		EE3755442E1E5B8D009AD262 /* XCRemoteSwiftPackageReference "firebase-ios-sdk" */ = {
			isa = XCRemoteSwiftPackageReference;
			repositoryURL = "https://github.com/firebase/firebase-ios-sdk";
			requirement = {
				kind = upToNextMajorVersion;
				minimumVersion = 11.15.0;
			};
		};
		EE41FEDA2E2250DF0002E595 /* XCRemoteSwiftPackageReference "kakao-ios-sdk" */ = {
			isa = XCRemoteSwiftPackageReference;
			repositoryURL = "https://github.com/kakao/kakao-ios-sdk";
			requirement = {
				kind = upToNextMajorVersion;
				minimumVersion = 2.24.5;
			};
		};
		EE9743B02E1D7A06009B4C91 /* XCRemoteSwiftPackageReference "SwiftLintPlugins" */ = {
			isa = XCRemoteSwiftPackageReference;
			repositoryURL = "https://github.com/SimplyDanny/SwiftLintPlugins";
			requirement = {
				kind = upToNextMajorVersion;
				minimumVersion = 0.59.1;
			};
		};
/* End XCRemoteSwiftPackageReference section */

/* Begin XCSwiftPackageProductDependency section */
		D306027C2E377E8400908D1D /* Transformers */ = {
			isa = XCSwiftPackageProductDependency;
			package = D306027B2E377E8400908D1D /* XCRemoteSwiftPackageReference "swift-transformers" */;
			productName = Transformers;
		};
		EC25CC322E5975880087EC50 /* FirebaseAppCheck */ = {
			isa = XCSwiftPackageProductDependency;
			package = EE3755442E1E5B8D009AD262 /* XCRemoteSwiftPackageReference "firebase-ios-sdk" */;
			productName = FirebaseAppCheck;
		};
		EC371DC82E560D76008E4AB7 /* FirebaseAI */ = {
			isa = XCSwiftPackageProductDependency;
			package = EE3755442E1E5B8D009AD262 /* XCRemoteSwiftPackageReference "firebase-ios-sdk" */;
			productName = FirebaseAI;
		};
		ECC980AE2E290DC4004A483B /* KakaoSDKShare */ = {
			isa = XCSwiftPackageProductDependency;
			package = EE41FEDA2E2250DF0002E595 /* XCRemoteSwiftPackageReference "kakao-ios-sdk" */;
			productName = KakaoSDKShare;
		};
		ECC980B02E290DC4004A483B /* KakaoSDKTemplate */ = {
			isa = XCSwiftPackageProductDependency;
			package = EE41FEDA2E2250DF0002E595 /* XCRemoteSwiftPackageReference "kakao-ios-sdk" */;
			productName = KakaoSDKTemplate;
		};
		EE3755452E1E5B8D009AD262 /* FirebaseAuth */ = {
			isa = XCSwiftPackageProductDependency;
			package = EE3755442E1E5B8D009AD262 /* XCRemoteSwiftPackageReference "firebase-ios-sdk" */;
			productName = FirebaseAuth;
		};
		EE3755472E1E5B8D009AD262 /* FirebaseFirestore */ = {
			isa = XCSwiftPackageProductDependency;
			package = EE3755442E1E5B8D009AD262 /* XCRemoteSwiftPackageReference "firebase-ios-sdk" */;
			productName = FirebaseFirestore;
		};
		EE41FEDB2E2250DF0002E595 /* KakaoSDKAuth */ = {
			isa = XCSwiftPackageProductDependency;
			package = EE41FEDA2E2250DF0002E595 /* XCRemoteSwiftPackageReference "kakao-ios-sdk" */;
			productName = KakaoSDKAuth;
		};
		EE41FEDD2E2250DF0002E595 /* KakaoSDKCommon */ = {
			isa = XCSwiftPackageProductDependency;
			package = EE41FEDA2E2250DF0002E595 /* XCRemoteSwiftPackageReference "kakao-ios-sdk" */;
			productName = KakaoSDKCommon;
		};
		EE41FEDF2E2250DF0002E595 /* KakaoSDKUser */ = {
			isa = XCSwiftPackageProductDependency;
			package = EE41FEDA2E2250DF0002E595 /* XCRemoteSwiftPackageReference "kakao-ios-sdk" */;
			productName = KakaoSDKUser;
		};
		EE9743B12E1D7A58009B4C91 /* SwiftLintBuildToolPlugin */ = {
			isa = XCSwiftPackageProductDependency;
			package = EE9743B02E1D7A06009B4C91 /* XCRemoteSwiftPackageReference "SwiftLintPlugins" */;
			productName = "plugin:SwiftLintBuildToolPlugin";
		};
		EEDBB1B72E28D45700F16407 /* FirebaseMessaging */ = {
			isa = XCSwiftPackageProductDependency;
			package = EE3755442E1E5B8D009AD262 /* XCRemoteSwiftPackageReference "firebase-ios-sdk" */;
			productName = FirebaseMessaging;
		};
		EEDBB1BD2E2913CE00F16407 /* FirebaseFunctions */ = {
			isa = XCSwiftPackageProductDependency;
			package = EE3755442E1E5B8D009AD262 /* XCRemoteSwiftPackageReference "firebase-ios-sdk" */;
			productName = FirebaseFunctions;
		};
/* End XCSwiftPackageProductDependency section */
	};
	rootObject = EE856A1E2E1CD093006820B9 /* Project object */;
}
